// !$*UTF8*$!
{
	archiveVersion = 1;
	classes = {
	};
	objectVersion = 46;
	objects = {
/* Begin PBXBuildFile section */
		223A89461E89CDC70092741E /* MiniApp.jsbundle in Resources */ = {isa = PBXBuildFile; fileRef = 223A89451E89CDC70092741E /* MiniApp.jsbundle */; };
		22BF1FEB1E8DAAF800E7F500 /* assets in Resources */ = {isa = PBXBuildFile; fileRef = 22BF1FEA1E8DAAF800E7F500 /* assets */; };
		301CB9021F33F3450048C58B /* NSBundle+frameworkBundle.m in Sources */ = {isa = PBXBuildFile; fileRef = 301CB9001F33F3450048C58B /* NSBundle+frameworkBundle.m */; };
		301CB9031F33F3450048C58B /* NSBundle+frameworkBundle.h in Headers */ = {isa = PBXBuildFile; fileRef = 301CB9011F33F3450048C58B /* NSBundle+frameworkBundle.h */; };
		304000E82098E1F000BF751C /* ElectrodePluginConfig.h in Headers */ = {isa = PBXBuildFile; fileRef = 304000E72098E1F000BF751C /* ElectrodePluginConfig.h */; settings = {ATTRIBUTES = (Public, ); }; };
		30F8CDEE1E67946E00413247 /* ElectrodeReactNative_Internal.h in Headers */ = {isa = PBXBuildFile; fileRef = 30F8CDED1E67946E00413247 /* ElectrodeReactNative_Internal.h */; };
		485009ED1E2FF23C009B6610 /* ElectrodeContainer.framework in Frameworks */ = {isa = PBXBuildFile; fileRef = 485009E31E2FF23B009B6610 /* ElectrodeContainer.framework */; };
		485009F41E2FF23C009B6610 /* ElectrodeContainer.h in Headers */ = {isa = PBXBuildFile; fileRef = 485009E61E2FF23B009B6610 /* ElectrodeContainer.h */; settings = {ATTRIBUTES = (Public, ); }; };
		48500A981E2FF55B009B6610 /* ElectrodeReactNative.h in Headers */ = {isa = PBXBuildFile; fileRef = 48500A961E2FF55B009B6610 /* ElectrodeReactNative.h */; settings = {ATTRIBUTES = (Public, ); }; };
		48500A991E2FF55B009B6610 /* ElectrodeReactNative.m in Sources */ = {isa = PBXBuildFile; fileRef = 48500A971E2FF55B009B6610 /* ElectrodeReactNative.m */; };
		968333D71E54E3470031C565 /* ElectrodeBridgeDelegate.h in Headers */ = {isa = PBXBuildFile; fileRef = 968333D51E54E3470031C565 /* ElectrodeBridgeDelegate.h */; };
		968333D81E54E3470031C565 /* ElectrodeBridgeDelegate.m in Sources */ = {isa = PBXBuildFile; fileRef = 968333D61E54E3470031C565 /* ElectrodeBridgeDelegate.m */; };
		79DBA30121604A2AACA55791 /* libReact.a in Frameworks */ = {isa = PBXBuildFile; fileRef = 2E513386A45943B9869D6653 /* libReact.a */; };
		F5C4404515364CA9B9BA051A /* libRCTActionSheet.a in Frameworks */ = {isa = PBXBuildFile; fileRef = 51395F11BB87403B8CBF7BFB /* libRCTActionSheet.a */; };
		2B8FFA3A61174D978B12D07C /* libRCTImage.a in Frameworks */ = {isa = PBXBuildFile; fileRef = 7A1291B1EA7144A89341E574 /* libRCTImage.a */; };
		353829AC6890483AAA95DAD5 /* libRCTAnimation.a in Frameworks */ = {isa = PBXBuildFile; fileRef = D7220869E98041B4B3E1E63D /* libRCTAnimation.a */; };
		C9269549A2BD46E0AD16C546 /* libRCTText.a in Frameworks */ = {isa = PBXBuildFile; fileRef = E778B611C5AF4ACAA999B183 /* libRCTText.a */; };
		2DCFCAEF20714E04986FEF1D /* libRCTWebSocket.a in Frameworks */ = {isa = PBXBuildFile; fileRef = E601774D10F94566AA5F000E /* libRCTWebSocket.a */; };
		D79705484BA14563919F842A /* libRCTGeolocation.a in Frameworks */ = {isa = PBXBuildFile; fileRef = 03B7E13170024ABD82501C8C /* libRCTGeolocation.a */; };
		023E0E09ED8F4C8F8DBA7439 /* libRCTLinking.a in Frameworks */ = {isa = PBXBuildFile; fileRef = 88853098E6134D80984F1089 /* libRCTLinking.a */; };
		60D86AB34267468992366630 /* libRCTNetwork.a in Frameworks */ = {isa = PBXBuildFile; fileRef = CD428FF18CCC4FB9929DE9B6 /* libRCTNetwork.a */; };
		C17A782C2E6A483FA02909C5 /* libRCTSettings.a in Frameworks */ = {isa = PBXBuildFile; fileRef = 27048846441C4F7C9050A10F /* libRCTSettings.a */; };
		ADF7BEE0508348F8A86DBA6C /* libRCTVibration.a in Frameworks */ = {isa = PBXBuildFile; fileRef = 9C70F9957D1B4123B407AADB /* libRCTVibration.a */; };
		0A13DF00B83546CE872D19EB /* libRCTCameraRoll.a in Frameworks */ = {isa = PBXBuildFile; fileRef = 649437FB72424F1F8F891E18 /* libRCTCameraRoll.a */; };
		59D24A82386944588A33B098 /* libART.a in Frameworks */ = {isa = PBXBuildFile; fileRef = B9ED0090345F48A8827F64C9 /* libART.a */; };
		34A24DD934F64095AFF93CC2 /* JavaScriptCore.framework in Frameworks */ = {isa = PBXBuildFile; fileRef = A1DA38298B8A4FA69128AA27 /* JavaScriptCore.framework */; };
		D4C5872B30C84306905AE5B8 /* EnNavigationAPI.swift in Sources */ = {isa = PBXBuildFile; fileRef = BBEBC28575954A8980BE6D80 /* EnNavigationAPI.swift */; };
		C5CD1CE36E9345799228D2C3 /* EnNavigationEvents.swift in Sources */ = {isa = PBXBuildFile; fileRef = F6B851BA98CD4724ADF24F82 /* EnNavigationEvents.swift */; };
		03916F7ED1B742E380D2C211 /* EnNavigationRequests.swift in Sources */ = {isa = PBXBuildFile; fileRef = 96406A1008FD4CE8A24970B4 /* EnNavigationRequests.swift */; };
		4C7E71BFCB5F487CA6FEDA40 /* ErnNavRoute.swift in Sources */ = {isa = PBXBuildFile; fileRef = 7A4FE85E2669423FB81B683B /* ErnNavRoute.swift */; };
		25359D1DEAE642AC9DCF5FE9 /* NavigationBar.swift in Sources */ = {isa = PBXBuildFile; fileRef = E0C451B626ED4BEE9D2D0B9C /* NavigationBar.swift */; };
		8FFA3EBBE62D4BB78FBF40E0 /* NavigationBarButton.swift in Sources */ = {isa = PBXBuildFile; fileRef = 8ABF44C9BE9D4F50A3FBD234 /* NavigationBarButton.swift */; };
		89AC9868A69D430FB36A3067 /* EnNavigationAPI.swift in Headers */ = {isa = PBXBuildFile; fileRef = BBEBC28575954A8980BE6D80 /* EnNavigationAPI.swift */; settings = {ATTRIBUTES = (Public, ); }; };
		29DB2B75FCCD4632A4CB4DBC /* EnNavigationEvents.swift in Headers */ = {isa = PBXBuildFile; fileRef = F6B851BA98CD4724ADF24F82 /* EnNavigationEvents.swift */; settings = {ATTRIBUTES = (Public, ); }; };
		3149D79F612249E79FFA3295 /* EnNavigationRequests.swift in Headers */ = {isa = PBXBuildFile; fileRef = 96406A1008FD4CE8A24970B4 /* EnNavigationRequests.swift */; settings = {ATTRIBUTES = (Public, ); }; };
		331978BCE4B346E6BA839B0B /* ErnNavRoute.swift in Headers */ = {isa = PBXBuildFile; fileRef = 7A4FE85E2669423FB81B683B /* ErnNavRoute.swift */; settings = {ATTRIBUTES = (Public, ); }; };
		FB7DD6F7F64A4AAE84D9C072 /* NavigationBar.swift in Headers */ = {isa = PBXBuildFile; fileRef = E0C451B626ED4BEE9D2D0B9C /* NavigationBar.swift */; settings = {ATTRIBUTES = (Public, ); }; };
		DF8074F7D97B473585B48664 /* NavigationBarButton.swift in Headers */ = {isa = PBXBuildFile; fileRef = 8ABF44C9BE9D4F50A3FBD234 /* NavigationBarButton.swift */; settings = {ATTRIBUTES = (Public, ); }; };
		19294E76BE6542E49A7D1350 /* EnNavigationApiController.swift in Sources */ = {isa = PBXBuildFile; fileRef = 8CEF2F7352EB4A41BB77E384 /* EnNavigationApiController.swift */; };
		509D0A43A65840BB8DA40B66 /* EnNavigationApiRequestHandlerDelegate.swift in Sources */ = {isa = PBXBuildFile; fileRef = 282A40768F364773BA53A375 /* EnNavigationApiRequestHandlerDelegate.swift */; };
		BA84231AAF544620AD1C3329 /* EnNavigationApiRequestHandlerProvider.swift in Sources */ = {isa = PBXBuildFile; fileRef = 3776F4AD0852460FB5BC2C8C /* EnNavigationApiRequestHandlerProvider.swift */; };
		F969B83C10194228B00F1FBF /* RequestHandlerConfig.swift in Sources */ = {isa = PBXBuildFile; fileRef = 7BC2B791BB0C474D9DA02D97 /* RequestHandlerConfig.swift */; };
		5BD3AFCF6FBF48DEBAAB664F /* RequestHandlerProvider.swift in Sources */ = {isa = PBXBuildFile; fileRef = 6D4C440BEDDB4F2DB24008C0 /* RequestHandlerProvider.swift */; };
		C94796464DC346CFA2CA3A0B /* ENCoreDelegate.swift in Sources */ = {isa = PBXBuildFile; fileRef = B7035504E0504458B8788A4A /* ENCoreDelegate.swift */; };
		A54D55FCDC7F4B17A935C83A /* ENMiniAppDataProvider.swift in Sources */ = {isa = PBXBuildFile; fileRef = FCF976307AAA4B2DA0544C27 /* ENMiniAppDataProvider.swift */; };
		57C2BA004D3143E283201DDC /* ENBarButtonItem.swift in Sources */ = {isa = PBXBuildFile; fileRef = 4CBF5F8F3B474D40A150CE21 /* ENBarButtonItem.swift */; };
		9AFCEA98098C45D39A967FED /* ENMiniAppNavDataProvider.swift in Sources */ = {isa = PBXBuildFile; fileRef = 9D474505566E4F8FA54F2BE3 /* ENMiniAppNavDataProvider.swift */; };
		32447319F87D41F3A89220D5 /* ENNavigationAPIImpl.swift in Sources */ = {isa = PBXBuildFile; fileRef = 2DF59ADC0B6441ADB2F6B6F8 /* ENNavigationAPIImpl.swift */; };
		CFD255D01C894044810D9E19 /* ENNavigationDelegate.swift in Sources */ = {isa = PBXBuildFile; fileRef = 589D1535D2C8470098C49878 /* ENNavigationDelegate.swift */; };
		C0B763A38B42433BA89C4C19 /* ENNavigationProtocol.swift in Sources */ = {isa = PBXBuildFile; fileRef = 53CA34E5CE054BDAB01F1C9A /* ENNavigationProtocol.swift */; };
		4E40EC2AE3284AC9A9DF7D99 /* MiniAppNavViewController.swift in Sources */ = {isa = PBXBuildFile; fileRef = B48AC10FA15A4718ACD3BC33 /* MiniAppNavViewController.swift */; };
		6A2E6108FA444FC28FD004A7 /* ENCoreDelegate.swift in Headers */ = {isa = PBXBuildFile; fileRef = B7035504E0504458B8788A4A /* ENCoreDelegate.swift */; settings = {ATTRIBUTES = (Public, ); }; };
		1947BA77AA7041B294A46BF6 /* ENMiniAppDataProvider.swift in Headers */ = {isa = PBXBuildFile; fileRef = FCF976307AAA4B2DA0544C27 /* ENMiniAppDataProvider.swift */; settings = {ATTRIBUTES = (Public, ); }; };
		D8AEB62806F84A0497B96311 /* ElectrodeObject.swift in Sources */ = {isa = PBXBuildFile; fileRef = 4E9BB6D767D646E3856F91A3 /* ElectrodeObject.swift */; };
		DF8C4255615E45F6910A1CC5 /* Bridgeable.swift in Sources */ = {isa = PBXBuildFile; fileRef = 99119A52138240A5BBD48221 /* Bridgeable.swift */; };
		6D43D8CAB1D74DA6BCB95AEF /* ElectrodeRequestHandlerProcessor.swift in Sources */ = {isa = PBXBuildFile; fileRef = F27CE22788FF418D94F11F86 /* ElectrodeRequestHandlerProcessor.swift */; };
		03135F9896D24C7B9F1BBEAF /* ElectrodeRequestProcessor.swift in Sources */ = {isa = PBXBuildFile; fileRef = A7C293F49FE24C0A97D57714 /* ElectrodeRequestProcessor.swift */; };
		E2D77214BBF349B3AABB9BD1 /* ElectrodeUtilities.swift in Sources */ = {isa = PBXBuildFile; fileRef = B66C8BB7D8EA4D7693AE2DF6 /* ElectrodeUtilities.swift */; };
		1C032371B22945F99BDA3A97 /* EventListenerProcessor.swift in Sources */ = {isa = PBXBuildFile; fileRef = C69C0077C65942B1BE8DAD7A /* EventListenerProcessor.swift */; };
		34A978B059B74FB9A4727C13 /* EventProcessor.swift in Sources */ = {isa = PBXBuildFile; fileRef = 2E3652DA383A433B8FB44F36 /* EventProcessor.swift */; };
		E05737444352498FB8D19875 /* Processor.swift in Sources */ = {isa = PBXBuildFile; fileRef = 8D97A4B2149C476FAC266E3B /* Processor.swift */; };
		6CE127B9D2DE442F9E147194 /* None.swift in Sources */ = {isa = PBXBuildFile; fileRef = 035424FBD03C40AE9FA0D180 /* None.swift */; };
		4F32082A13DD4EFA987DBE11 /* ElectrodeBridgeEvent.m in Sources */ = {isa = PBXBuildFile; fileRef = EC26BB257CF24EF7AC492683 /* ElectrodeBridgeEvent.m */; };
		C03F7F8679D845B6A79679FC /* ElectrodeBridgeFailureMessage.m in Sources */ = {isa = PBXBuildFile; fileRef = E65FA93E968849DDA02A2E94 /* ElectrodeBridgeFailureMessage.m */; };
		0789AB6DD9AF44D99B3DB8F8 /* ElectrodeBridgeHolder.m in Sources */ = {isa = PBXBuildFile; fileRef = 441D336484424024BF86C900 /* ElectrodeBridgeHolder.m */; };
		EA3011FDD5814F918B5E3462 /* ElectrodeBridgeMessage.m in Sources */ = {isa = PBXBuildFile; fileRef = 30270F2288924885B34FB08B /* ElectrodeBridgeMessage.m */; };
		A974FB82DEFE465C943EC8B8 /* ElectrodeBridgeProtocols.m in Sources */ = {isa = PBXBuildFile; fileRef = B53CABE5D2834AF982477FF6 /* ElectrodeBridgeProtocols.m */; };
		43CC638054D14C2D81E9AD5E /* ElectrodeBridgeRequest.m in Sources */ = {isa = PBXBuildFile; fileRef = ECF2C6A4AE674310945E3C5B /* ElectrodeBridgeRequest.m */; };
		C2551E88EFFC413393A6BFF9 /* ElectrodeBridgeResponse.m in Sources */ = {isa = PBXBuildFile; fileRef = 749194F2A8DC4F69BC0DD0D5 /* ElectrodeBridgeResponse.m */; };
		1AABE52776FF4118B02DC512 /* ElectrodeBridgeTransaction.m in Sources */ = {isa = PBXBuildFile; fileRef = 6E79FFFA75104C0A99D839CB /* ElectrodeBridgeTransaction.m */; };
		D0F8D26013B649378B4BE768 /* ElectrodeBridgeTransceiver.m in Sources */ = {isa = PBXBuildFile; fileRef = 49964053C3B94A11A081D4BC /* ElectrodeBridgeTransceiver.m */; };
		590AC08342E34A00A3A1A5B7 /* ElectrodeEventDispatcher.m in Sources */ = {isa = PBXBuildFile; fileRef = 01E05D118D3A4A7EB756A76F /* ElectrodeEventDispatcher.m */; };
		217EBF35090244BFADB2E137 /* ElectrodeEventRegistrar.m in Sources */ = {isa = PBXBuildFile; fileRef = E4CF79BAD8C14E42ADF86A74 /* ElectrodeEventRegistrar.m */; };
		33597C59485C427EB1EE99EC /* ElectrodeRequestDispatcher.m in Sources */ = {isa = PBXBuildFile; fileRef = D864F146E769466BBCD27662 /* ElectrodeRequestDispatcher.m */; };
		7FFF88282303411FBE32498F /* ElectrodeRequestRegistrar.m in Sources */ = {isa = PBXBuildFile; fileRef = 842DEBD0B6654963A19E57AE /* ElectrodeRequestRegistrar.m */; };
		243D636A0A3B46CC8BA19EEA /* ElectrodeLogger.m in Sources */ = {isa = PBXBuildFile; fileRef = 60CDB65DF8204B25993BF279 /* ElectrodeLogger.m */; };
		6F01D331CBAD45B690E960B8 /* ElectrodeBridgeEvent.h in Headers */ = {isa = PBXBuildFile; fileRef = 592681A97FEE43B88843CE5B /* ElectrodeBridgeEvent.h */; settings = {ATTRIBUTES = (Public, ); }; };
		78070BF23A134707B7982FFA /* ElectrodeBridgeFailureMessage.h in Headers */ = {isa = PBXBuildFile; fileRef = 5543C453EC7D4DFA8EBFBDEA /* ElectrodeBridgeFailureMessage.h */; settings = {ATTRIBUTES = (Public, ); }; };
		CDC9124756B44C1AAC9CB588 /* ElectrodeBridgeHolder.h in Headers */ = {isa = PBXBuildFile; fileRef = 0A13F226133C4673BBFF6FA0 /* ElectrodeBridgeHolder.h */; settings = {ATTRIBUTES = (Public, ); }; };
		4FAC35A8BD094E31B8233B49 /* ElectrodeBridgeMessage.h in Headers */ = {isa = PBXBuildFile; fileRef = C561BDFA32EE442685821F59 /* ElectrodeBridgeMessage.h */; settings = {ATTRIBUTES = (Public, ); }; };
		7B3BDEBF53B44068B9E34992 /* ElectrodeBridgeProtocols.h in Headers */ = {isa = PBXBuildFile; fileRef = 01B9A48DF2A0425280AF123A /* ElectrodeBridgeProtocols.h */; settings = {ATTRIBUTES = (Public, ); }; };
		3CC4DD0E999447AF903CC546 /* ElectrodeBridgeRequest.h in Headers */ = {isa = PBXBuildFile; fileRef = D86C6DE010E544A689F715A6 /* ElectrodeBridgeRequest.h */; settings = {ATTRIBUTES = (Public, ); }; };
		1B60BEA0C8F3459690FD130B /* ElectrodeBridgeTransaction.h in Headers */ = {isa = PBXBuildFile; fileRef = EDE4B776B65240DB9CE8502C /* ElectrodeBridgeTransaction.h */; };
		9ACA3EA471C74EA4901AAA58 /* ElectrodeBridgeTransceiver.h in Headers */ = {isa = PBXBuildFile; fileRef = 163DFC0443804B56B1EAF1E0 /* ElectrodeBridgeTransceiver.h */; };
		5311F3D048224C0BA112C4EC /* ElectrodeBridgeTransceiver_Internal.h in Headers */ = {isa = PBXBuildFile; fileRef = 69F45211E04F4255A044AA09 /* ElectrodeBridgeTransceiver_Internal.h */; };
		3D1E1644D7684D5280A1D718 /* ElectrodeEventDispatcher.h in Headers */ = {isa = PBXBuildFile; fileRef = 35CDFFB8C951435CAD6C2395 /* ElectrodeEventDispatcher.h */; };
		F28A8391CAE64CE1B78C6DC4 /* ElectrodeEventRegistrar.h in Headers */ = {isa = PBXBuildFile; fileRef = 95FFD77ED8754816AE6EC0AF /* ElectrodeEventRegistrar.h */; };
		2C81C4EFEA3549009B6CB34F /* ElectrodeRequestDispatcher.h in Headers */ = {isa = PBXBuildFile; fileRef = 0CA1B33511A642E58854CF15 /* ElectrodeRequestDispatcher.h */; };
		FBF048833D61431DAB1B3C6E /* ElectrodeRequestRegistrar.h in Headers */ = {isa = PBXBuildFile; fileRef = 91C3B1D27D724434BF3A2391 /* ElectrodeRequestRegistrar.h */; };
		0E0A474F8A7944F68B5E218A /* ElectrodeReactNativeBridge.h in Headers */ = {isa = PBXBuildFile; fileRef = 0629CC3E71774D8C8EEBD2AB /* ElectrodeReactNativeBridge.h */; };
		8E172B8358E742E48C1AE1F3 /* ElectrodeBridgeResponse.h in Headers */ = {isa = PBXBuildFile; fileRef = 5246805AA87343A1860C4CD7 /* ElectrodeBridgeResponse.h */; };
		A5639C7D4CC742DB8A1A7994 /* ElectrodeLogger.h in Headers */ = {isa = PBXBuildFile; fileRef = 5034ABDD89DC425EA439F745 /* ElectrodeLogger.h */; settings = {ATTRIBUTES = (Public, ); }; };
/* End PBXBuildFile section */

/* Begin PBXContainerItemProxy section */
		485009EE1E2FF23C009B6610 /* PBXContainerItemProxy */ = {
			isa = PBXContainerItemProxy;
			containerPortal = 485009DA1E2FF23B009B6610 /* Project object */;
			proxyType = 1;
			remoteGlobalIDString = 485009E21E2FF23B009B6610;
			remoteInfo = ElectrodeContainer;
		};
		A8D41FAB7ED64C8A9A7880A2 /* PBXContainerItemProxy */ = {
			isa = PBXContainerItemProxy;
			containerPortal = B00CE2DB649D4D259FAFE9F8 /* React.xcodeproj */;
			proxyType = 1;
			remoteGlobalIDString = 79DBA30121604A2AACA55791;
			remoteInfo = React;
		};
		045576D2167F49DC908C8E2F /* PBXContainerItemProxy */ = {
			isa = PBXContainerItemProxy;
			containerPortal = B00CE2DB649D4D259FAFE9F8 /* React.xcodeproj */;
			proxyType = 2;
			remoteGlobalIDString = 83CBBA2E1A601D0E00E9B192;
			remoteInfo = React;
		};
		5946C5F977084D859AEB5AF8 /* PBXContainerItemProxy */ = {
			isa = PBXContainerItemProxy;
			containerPortal = F8767D3E524C450B93E2B8FB /* RCTActionSheet.xcodeproj */;
			proxyType = 1;
			remoteGlobalIDString = F5C4404515364CA9B9BA051A;
			remoteInfo = RCTActionSheet;
		};
		7AD225F4193344EEAF8F2E82 /* PBXContainerItemProxy */ = {
			isa = PBXContainerItemProxy;
			containerPortal = F8767D3E524C450B93E2B8FB /* RCTActionSheet.xcodeproj */;
			proxyType = 2;
			remoteGlobalIDString = 134814201AA4EA6300B7C361;
			remoteInfo = RCTActionSheet;
		};
		0DA48E6C5C9942F090CCC0E5 /* PBXContainerItemProxy */ = {
			isa = PBXContainerItemProxy;
			containerPortal = 85FDFFF379DD455EBF6329BD /* RCTImage.xcodeproj */;
			proxyType = 1;
			remoteGlobalIDString = 2B8FFA3A61174D978B12D07C;
			remoteInfo = RCTImage;
		};
		921F9E13E04648D6BC0E733A /* PBXContainerItemProxy */ = {
			isa = PBXContainerItemProxy;
			containerPortal = 85FDFFF379DD455EBF6329BD /* RCTImage.xcodeproj */;
			proxyType = 2;
			remoteGlobalIDString = 58B5115D1A9E6B3D00147676;
			remoteInfo = RCTImage;
		};
		E3B4FB2ED628437BA9E8EE30 /* PBXContainerItemProxy */ = {
			isa = PBXContainerItemProxy;
			containerPortal = CCC3F78A4DFC4446B74995F3 /* RCTAnimation.xcodeproj */;
			proxyType = 1;
			remoteGlobalIDString = 353829AC6890483AAA95DAD5;
			remoteInfo = RCTAnimation;
		};
		44D3C2D1A9454DF8A1E2B8B0 /* PBXContainerItemProxy */ = {
			isa = PBXContainerItemProxy;
			containerPortal = CCC3F78A4DFC4446B74995F3 /* RCTAnimation.xcodeproj */;
			proxyType = 2;
			remoteGlobalIDString = 134814201AA4EA6300B7C361;
			remoteInfo = RCTAnimation;
		};
		6CA42CED9C5E4C96A62A4809 /* PBXContainerItemProxy */ = {
			isa = PBXContainerItemProxy;
			containerPortal = 5468AD4483D549E195596914 /* RCTText.xcodeproj */;
			proxyType = 1;
			remoteGlobalIDString = C9269549A2BD46E0AD16C546;
			remoteInfo = RCTText;
		};
		1971F202A9C7416B87B270CB /* PBXContainerItemProxy */ = {
			isa = PBXContainerItemProxy;
			containerPortal = 5468AD4483D549E195596914 /* RCTText.xcodeproj */;
			proxyType = 2;
			remoteGlobalIDString = 58B5119B1A9E6C1200147676;
			remoteInfo = RCTText;
		};
		AB2C0316D9484C15AC681640 /* PBXContainerItemProxy */ = {
			isa = PBXContainerItemProxy;
			containerPortal = 1AD0524F8D5A4AC49070183C /* RCTWebSocket.xcodeproj */;
			proxyType = 1;
			remoteGlobalIDString = 2DCFCAEF20714E04986FEF1D;
			remoteInfo = RCTWebSocket;
		};
		AEEB77EDE8354082BE9C83AA /* PBXContainerItemProxy */ = {
			isa = PBXContainerItemProxy;
			containerPortal = 1AD0524F8D5A4AC49070183C /* RCTWebSocket.xcodeproj */;
			proxyType = 2;
			remoteGlobalIDString = 3C86DF461ADF2C930047B81A;
			remoteInfo = RCTWebSocket;
		};
		5561214653AE430AB6223B2E /* PBXContainerItemProxy */ = {
			isa = PBXContainerItemProxy;
			containerPortal = FDF4843D1DC04AA48EA41ED1 /* RCTGeolocation.xcodeproj */;
			proxyType = 1;
			remoteGlobalIDString = D79705484BA14563919F842A;
			remoteInfo = RCTGeolocation;
		};
		6AA20E8B0BC04D59865FA314 /* PBXContainerItemProxy */ = {
			isa = PBXContainerItemProxy;
			containerPortal = FDF4843D1DC04AA48EA41ED1 /* RCTGeolocation.xcodeproj */;
			proxyType = 2;
			remoteGlobalIDString = 134814201AA4EA6300B7C361;
			remoteInfo = RCTGeolocation;
		};
		9F54E956F7DE4BA186487EFC /* PBXContainerItemProxy */ = {
			isa = PBXContainerItemProxy;
			containerPortal = E84DB1FDEC13431483E99A14 /* RCTLinking.xcodeproj */;
			proxyType = 1;
			remoteGlobalIDString = 023E0E09ED8F4C8F8DBA7439;
			remoteInfo = RCTLinking;
		};
		56875124577A4756854D0D24 /* PBXContainerItemProxy */ = {
			isa = PBXContainerItemProxy;
			containerPortal = E84DB1FDEC13431483E99A14 /* RCTLinking.xcodeproj */;
			proxyType = 2;
			remoteGlobalIDString = 134814201AA4EA6300B7C361;
			remoteInfo = RCTLinking;
		};
		2944890354E44E7A96A5EBD2 /* PBXContainerItemProxy */ = {
			isa = PBXContainerItemProxy;
			containerPortal = FAB0EE19918C49A4B880B44C /* RCTNetwork.xcodeproj */;
			proxyType = 1;
			remoteGlobalIDString = 60D86AB34267468992366630;
			remoteInfo = RCTNetwork;
		};
		EA96A979DC27496A84881FA3 /* PBXContainerItemProxy */ = {
			isa = PBXContainerItemProxy;
			containerPortal = FAB0EE19918C49A4B880B44C /* RCTNetwork.xcodeproj */;
			proxyType = 2;
			remoteGlobalIDString = 58B511DB1A9E6C8500147676;
			remoteInfo = RCTNetwork;
		};
		4C2601F2FEDE43C899C232B7 /* PBXContainerItemProxy */ = {
			isa = PBXContainerItemProxy;
			containerPortal = 24CC98403ABD4081806CEB5A /* RCTSettings.xcodeproj */;
			proxyType = 1;
			remoteGlobalIDString = C17A782C2E6A483FA02909C5;
			remoteInfo = RCTSettings;
		};
		24E3DC05174F4919B58D49C4 /* PBXContainerItemProxy */ = {
			isa = PBXContainerItemProxy;
			containerPortal = 24CC98403ABD4081806CEB5A /* RCTSettings.xcodeproj */;
			proxyType = 2;
			remoteGlobalIDString = 134814201AA4EA6300B7C361;
			remoteInfo = RCTSettings;
		};
		7963E1CB44B14C18BFF4757C /* PBXContainerItemProxy */ = {
			isa = PBXContainerItemProxy;
			containerPortal = D5142D58266A4B8985252A9C /* RCTVibration.xcodeproj */;
			proxyType = 1;
			remoteGlobalIDString = ADF7BEE0508348F8A86DBA6C;
			remoteInfo = RCTVibration;
		};
		17B91A0C51E141F7A1C5ED5B /* PBXContainerItemProxy */ = {
			isa = PBXContainerItemProxy;
			containerPortal = D5142D58266A4B8985252A9C /* RCTVibration.xcodeproj */;
			proxyType = 2;
			remoteGlobalIDString = 832C81801AAF6DEF007FA2F7;
			remoteInfo = RCTVibration;
		};
		99E8BE567A774366BB9413B9 /* PBXContainerItemProxy */ = {
			isa = PBXContainerItemProxy;
			containerPortal = E9133CC7C88848A3990547D7 /* RCTCameraRoll.xcodeproj */;
			proxyType = 1;
			remoteGlobalIDString = 0A13DF00B83546CE872D19EB;
			remoteInfo = RCTCameraRoll;
		};
		042A32DE2EAD4E30AFB1192A /* PBXContainerItemProxy */ = {
			isa = PBXContainerItemProxy;
			containerPortal = E9133CC7C88848A3990547D7 /* RCTCameraRoll.xcodeproj */;
			proxyType = 2;
			remoteGlobalIDString = 58B5115D1A9E6B3D00147676;
			remoteInfo = RCTCameraRoll;
		};
		142767E57DA54D089D4C5DA3 /* PBXContainerItemProxy */ = {
			isa = PBXContainerItemProxy;
			containerPortal = 0C6B54C2EE64451190F4755E /* ART.xcodeproj */;
			proxyType = 1;
			remoteGlobalIDString = 59D24A82386944588A33B098;
			remoteInfo = ART;
		};
		A381530498264C7B94C6CAC5 /* PBXContainerItemProxy */ = {
			isa = PBXContainerItemProxy;
			containerPortal = 0C6B54C2EE64451190F4755E /* ART.xcodeproj */;
			proxyType = 2;
			remoteGlobalIDString = 0CF68AC11AF0540F00FF9E5C;
			remoteInfo = ART;
		};
/* End PBXContainerItemProxy section */

/* Begin PBXFileReference section */
		223A89451E89CDC70092741E /* MiniApp.jsbundle */ = {isa = PBXFileReference; fileEncoding = 4; lastKnownFileType = text; path = MiniApp.jsbundle; sourceTree = "<group>"; };
		2265A4A11EB26943007D6C3D /* Info.plist */ = {isa = PBXFileReference; fileEncoding = 4; lastKnownFileType = text.plist.xml; path = Info.plist; sourceTree = "<group>"; };
		22BF1FEA1E8DAAF800E7F500 /* assets */ = {isa = PBXFileReference; lastKnownFileType = folder; path = assets; sourceTree = "<group>"; };
		301CB9001F33F3450048C58B /* NSBundle+frameworkBundle.m */ = {isa = PBXFileReference; fileEncoding = 4; lastKnownFileType = sourcecode.c.objc; path = "NSBundle+frameworkBundle.m"; sourceTree = "<group>"; };
		301CB9011F33F3450048C58B /* NSBundle+frameworkBundle.h */ = {isa = PBXFileReference; fileEncoding = 4; lastKnownFileType = sourcecode.c.h; path = "NSBundle+frameworkBundle.h"; sourceTree = "<group>"; };
		304000E72098E1F000BF751C /* ElectrodePluginConfig.h */ = {isa = PBXFileReference; lastKnownFileType = sourcecode.c.h; path = ElectrodePluginConfig.h; sourceTree = "<group>"; };
		30F8CDED1E67946E00413247 /* ElectrodeReactNative_Internal.h */ = {isa = PBXFileReference; fileEncoding = 4; lastKnownFileType = sourcecode.c.h; path = ElectrodeReactNative_Internal.h; sourceTree = "<group>"; };
		485009E31E2FF23B009B6610 /* ElectrodeContainer.framework */ = {isa = PBXFileReference; explicitFileType = wrapper.framework; includeInIndex = 0; path = ElectrodeContainer.framework; sourceTree = BUILT_PRODUCTS_DIR; };
		485009E61E2FF23B009B6610 /* ElectrodeContainer.h */ = {isa = PBXFileReference; lastKnownFileType = sourcecode.c.h; path = ElectrodeContainer.h; sourceTree = "<group>"; };
		485009EC1E2FF23C009B6610 /* ElectrodeContainerTests.xctest */ = {isa = PBXFileReference; explicitFileType = wrapper.cfbundle; includeInIndex = 0; path = ElectrodeContainerTests.xctest; sourceTree = BUILT_PRODUCTS_DIR; };
		485009F31E2FF23C009B6610 /* Info.plist */ = {isa = PBXFileReference; lastKnownFileType = text.plist.xml; path = Info.plist; sourceTree = "<group>"; };
		48500A961E2FF55B009B6610 /* ElectrodeReactNative.h */ = {isa = PBXFileReference; fileEncoding = 4; lastKnownFileType = sourcecode.c.h; path = ElectrodeReactNative.h; sourceTree = "<group>"; };
		48500A971E2FF55B009B6610 /* ElectrodeReactNative.m */ = {isa = PBXFileReference; fileEncoding = 4; lastKnownFileType = sourcecode.c.objc; path = ElectrodeReactNative.m; sourceTree = "<group>"; wrapsLines = 0; };
		968333D51E54E3470031C565 /* ElectrodeBridgeDelegate.h */ = {isa = PBXFileReference; fileEncoding = 4; lastKnownFileType = sourcecode.c.h; path = ElectrodeBridgeDelegate.h; sourceTree = "<group>"; };
		968333D61E54E3470031C565 /* ElectrodeBridgeDelegate.m */ = {isa = PBXFileReference; fileEncoding = 4; lastKnownFileType = sourcecode.c.objc; path = ElectrodeBridgeDelegate.m; sourceTree = "<group>"; };
		22CB683D20C9C46A0031A349 /* Project-QADeployment.xcconfig */ = {isa = PBXFileReference; fileEncoding = 4; lastKnownFileType = text.xcconfig; path = "Project-QADeployment.xcconfig"; sourceTree = "<group>"; };
		22CB683E20C9C46A0031A349 /* Project-Release.xcconfig */ = {isa = PBXFileReference; fileEncoding = 4; lastKnownFileType = text.xcconfig; path = "Project-Release.xcconfig"; sourceTree = "<group>"; };
		22CB684020C9C46A0031A349 /* ElectrodeContainer-QADeployment.xcconfig */ = {isa = PBXFileReference; fileEncoding = 4; lastKnownFileType = text.xcconfig; path = "ElectrodeContainer-QADeployment.xcconfig"; sourceTree = "<group>"; };
		22CB684120C9C46A0031A349 /* ElectrodeContainer-Debug.xcconfig */ = {isa = PBXFileReference; fileEncoding = 4; lastKnownFileType = text.xcconfig; path = "ElectrodeContainer-Debug.xcconfig"; sourceTree = "<group>"; };
		22CB684220C9C46A0031A349 /* ElectrodeContainer-Release.xcconfig */ = {isa = PBXFileReference; fileEncoding = 4; lastKnownFileType = text.xcconfig; path = "ElectrodeContainer-Release.xcconfig"; sourceTree = "<group>"; };
		22CB684420C9C46A0031A349 /* ElectrodeContainerTests-Release.xcconfig */ = {isa = PBXFileReference; fileEncoding = 4; lastKnownFileType = text.xcconfig; path = "ElectrodeContainerTests-Release.xcconfig"; sourceTree = "<group>"; };
		22CB684620C9C46A0031A349 /* ElectrodeContainerTests-QADeployment.xcconfig */ = {isa = PBXFileReference; fileEncoding = 4; lastKnownFileType = text.xcconfig; path = "ElectrodeContainerTests-QADeployment.xcconfig"; sourceTree = "<group>"; };
		22CB684720C9C46A0031A349 /* Project-Debug.xcconfig */ = {isa = PBXFileReference; fileEncoding = 4; lastKnownFileType = text.xcconfig; path = "Project-Debug.xcconfig"; sourceTree = "<group>"; };
		22CB684820C9C46B0031A349 /* ElectrodeContainerTests-Debug.xcconfig */ = {isa = PBXFileReference; fileEncoding = 4; lastKnownFileType = text.xcconfig; path = "ElectrodeContainerTests-Debug.xcconfig"; sourceTree = "<group>"; };
		B00CE2DB649D4D259FAFE9F8 /* React.xcodeproj */ = {isa = PBXFileReference; name = "React.xcodeproj"; path = "ReactNative/React/React.xcodeproj"; sourceTree = "<group>"; fileEncoding = undefined; lastKnownFileType = wrapper.pb-project; explicitFileType = undefined; includeInIndex = 0; };
		2E513386A45943B9869D6653 /* libReact.a */ = {isa = PBXFileReference; name = "libReact.a"; path = "libReact.a"; sourceTree = "<group>"; fileEncoding = undefined; lastKnownFileType = archive.ar; explicitFileType = undefined; includeInIndex = 0; };
		F8767D3E524C450B93E2B8FB /* RCTActionSheet.xcodeproj */ = {isa = PBXFileReference; name = "RCTActionSheet.xcodeproj"; path = "ReactNative/ActionSheetIOS/RCTActionSheet.xcodeproj"; sourceTree = "<group>"; fileEncoding = undefined; lastKnownFileType = wrapper.pb-project; explicitFileType = undefined; includeInIndex = 0; };
		51395F11BB87403B8CBF7BFB /* libRCTActionSheet.a */ = {isa = PBXFileReference; name = "libRCTActionSheet.a"; path = "libRCTActionSheet.a"; sourceTree = "<group>"; fileEncoding = undefined; lastKnownFileType = archive.ar; explicitFileType = undefined; includeInIndex = 0; };
		85FDFFF379DD455EBF6329BD /* RCTImage.xcodeproj */ = {isa = PBXFileReference; name = "RCTImage.xcodeproj"; path = "ReactNative/Image/RCTImage.xcodeproj"; sourceTree = "<group>"; fileEncoding = undefined; lastKnownFileType = wrapper.pb-project; explicitFileType = undefined; includeInIndex = 0; };
		7A1291B1EA7144A89341E574 /* libRCTImage.a */ = {isa = PBXFileReference; name = "libRCTImage.a"; path = "libRCTImage.a"; sourceTree = "<group>"; fileEncoding = undefined; lastKnownFileType = archive.ar; explicitFileType = undefined; includeInIndex = 0; };
		CCC3F78A4DFC4446B74995F3 /* RCTAnimation.xcodeproj */ = {isa = PBXFileReference; name = "RCTAnimation.xcodeproj"; path = "ReactNative/NativeAnimation/RCTAnimation.xcodeproj"; sourceTree = "<group>"; fileEncoding = undefined; lastKnownFileType = wrapper.pb-project; explicitFileType = undefined; includeInIndex = 0; };
		D7220869E98041B4B3E1E63D /* libRCTAnimation.a */ = {isa = PBXFileReference; name = "libRCTAnimation.a"; path = "libRCTAnimation.a"; sourceTree = "<group>"; fileEncoding = undefined; lastKnownFileType = archive.ar; explicitFileType = undefined; includeInIndex = 0; };
		5468AD4483D549E195596914 /* RCTText.xcodeproj */ = {isa = PBXFileReference; name = "RCTText.xcodeproj"; path = "ReactNative/Text/RCTText.xcodeproj"; sourceTree = "<group>"; fileEncoding = undefined; lastKnownFileType = wrapper.pb-project; explicitFileType = undefined; includeInIndex = 0; };
		E778B611C5AF4ACAA999B183 /* libRCTText.a */ = {isa = PBXFileReference; name = "libRCTText.a"; path = "libRCTText.a"; sourceTree = "<group>"; fileEncoding = undefined; lastKnownFileType = archive.ar; explicitFileType = undefined; includeInIndex = 0; };
		1AD0524F8D5A4AC49070183C /* RCTWebSocket.xcodeproj */ = {isa = PBXFileReference; name = "RCTWebSocket.xcodeproj"; path = "ReactNative/WebSocket/RCTWebSocket.xcodeproj"; sourceTree = "<group>"; fileEncoding = undefined; lastKnownFileType = wrapper.pb-project; explicitFileType = undefined; includeInIndex = 0; };
		E601774D10F94566AA5F000E /* libRCTWebSocket.a */ = {isa = PBXFileReference; name = "libRCTWebSocket.a"; path = "libRCTWebSocket.a"; sourceTree = "<group>"; fileEncoding = undefined; lastKnownFileType = archive.ar; explicitFileType = undefined; includeInIndex = 0; };
		FDF4843D1DC04AA48EA41ED1 /* RCTGeolocation.xcodeproj */ = {isa = PBXFileReference; name = "RCTGeolocation.xcodeproj"; path = "ReactNative/Geolocation/RCTGeolocation.xcodeproj"; sourceTree = "<group>"; fileEncoding = undefined; lastKnownFileType = wrapper.pb-project; explicitFileType = undefined; includeInIndex = 0; };
		03B7E13170024ABD82501C8C /* libRCTGeolocation.a */ = {isa = PBXFileReference; name = "libRCTGeolocation.a"; path = "libRCTGeolocation.a"; sourceTree = "<group>"; fileEncoding = undefined; lastKnownFileType = archive.ar; explicitFileType = undefined; includeInIndex = 0; };
		E84DB1FDEC13431483E99A14 /* RCTLinking.xcodeproj */ = {isa = PBXFileReference; name = "RCTLinking.xcodeproj"; path = "ReactNative/LinkingIOS/RCTLinking.xcodeproj"; sourceTree = "<group>"; fileEncoding = undefined; lastKnownFileType = wrapper.pb-project; explicitFileType = undefined; includeInIndex = 0; };
		88853098E6134D80984F1089 /* libRCTLinking.a */ = {isa = PBXFileReference; name = "libRCTLinking.a"; path = "libRCTLinking.a"; sourceTree = "<group>"; fileEncoding = undefined; lastKnownFileType = archive.ar; explicitFileType = undefined; includeInIndex = 0; };
		FAB0EE19918C49A4B880B44C /* RCTNetwork.xcodeproj */ = {isa = PBXFileReference; name = "RCTNetwork.xcodeproj"; path = "ReactNative/Network/RCTNetwork.xcodeproj"; sourceTree = "<group>"; fileEncoding = undefined; lastKnownFileType = wrapper.pb-project; explicitFileType = undefined; includeInIndex = 0; };
		CD428FF18CCC4FB9929DE9B6 /* libRCTNetwork.a */ = {isa = PBXFileReference; name = "libRCTNetwork.a"; path = "libRCTNetwork.a"; sourceTree = "<group>"; fileEncoding = undefined; lastKnownFileType = archive.ar; explicitFileType = undefined; includeInIndex = 0; };
		24CC98403ABD4081806CEB5A /* RCTSettings.xcodeproj */ = {isa = PBXFileReference; name = "RCTSettings.xcodeproj"; path = "ReactNative/Settings/RCTSettings.xcodeproj"; sourceTree = "<group>"; fileEncoding = undefined; lastKnownFileType = wrapper.pb-project; explicitFileType = undefined; includeInIndex = 0; };
		27048846441C4F7C9050A10F /* libRCTSettings.a */ = {isa = PBXFileReference; name = "libRCTSettings.a"; path = "libRCTSettings.a"; sourceTree = "<group>"; fileEncoding = undefined; lastKnownFileType = archive.ar; explicitFileType = undefined; includeInIndex = 0; };
		D5142D58266A4B8985252A9C /* RCTVibration.xcodeproj */ = {isa = PBXFileReference; name = "RCTVibration.xcodeproj"; path = "ReactNative/Vibration/RCTVibration.xcodeproj"; sourceTree = "<group>"; fileEncoding = undefined; lastKnownFileType = wrapper.pb-project; explicitFileType = undefined; includeInIndex = 0; };
		9C70F9957D1B4123B407AADB /* libRCTVibration.a */ = {isa = PBXFileReference; name = "libRCTVibration.a"; path = "libRCTVibration.a"; sourceTree = "<group>"; fileEncoding = undefined; lastKnownFileType = archive.ar; explicitFileType = undefined; includeInIndex = 0; };
		E9133CC7C88848A3990547D7 /* RCTCameraRoll.xcodeproj */ = {isa = PBXFileReference; name = "RCTCameraRoll.xcodeproj"; path = "ReactNative/CameraRoll/RCTCameraRoll.xcodeproj"; sourceTree = "<group>"; fileEncoding = undefined; lastKnownFileType = wrapper.pb-project; explicitFileType = undefined; includeInIndex = 0; };
		649437FB72424F1F8F891E18 /* libRCTCameraRoll.a */ = {isa = PBXFileReference; name = "libRCTCameraRoll.a"; path = "libRCTCameraRoll.a"; sourceTree = "<group>"; fileEncoding = undefined; lastKnownFileType = archive.ar; explicitFileType = undefined; includeInIndex = 0; };
		0C6B54C2EE64451190F4755E /* ART.xcodeproj */ = {isa = PBXFileReference; name = "ART.xcodeproj"; path = "ReactNative/ART/ART.xcodeproj"; sourceTree = "<group>"; fileEncoding = undefined; lastKnownFileType = wrapper.pb-project; explicitFileType = undefined; includeInIndex = 0; };
		B9ED0090345F48A8827F64C9 /* libART.a */ = {isa = PBXFileReference; name = "libART.a"; path = "libART.a"; sourceTree = "<group>"; fileEncoding = undefined; lastKnownFileType = archive.ar; explicitFileType = undefined; includeInIndex = 0; };
		A1DA38298B8A4FA69128AA27 /* JavaScriptCore.framework */ = {isa = PBXFileReference; name = "JavaScriptCore.framework"; path = "/System/Library/Frameworks/JavaScriptCore.framework"; sourceTree = "<group>"; fileEncoding = undefined; lastKnownFileType = wrapper.framework; explicitFileType = undefined; includeInIndex = 0; };
		BBEBC28575954A8980BE6D80 /* EnNavigationAPI.swift */ = {isa = PBXFileReference; name = "EnNavigationAPI.swift"; path = "APIs/EnNavigationAPI.swift"; sourceTree = "<group>"; fileEncoding = 4; lastKnownFileType = sourcecode.swift; explicitFileType = undefined; includeInIndex = 0; fileRef = BBEBC28575954A8980BE6D80; basename = EnNavigationAPI.swift; target = undefined; uuid = 89AC9868A69D430FB36A3067; settings = {ATTRIBUTES = (Public, ); }; };
		F6B851BA98CD4724ADF24F82 /* EnNavigationEvents.swift */ = {isa = PBXFileReference; name = "EnNavigationEvents.swift"; path = "APIs/EnNavigationEvents.swift"; sourceTree = "<group>"; fileEncoding = 4; lastKnownFileType = sourcecode.swift; explicitFileType = undefined; includeInIndex = 0; fileRef = F6B851BA98CD4724ADF24F82; basename = EnNavigationEvents.swift; target = undefined; uuid = 29DB2B75FCCD4632A4CB4DBC; settings = {ATTRIBUTES = (Public, ); }; };
		96406A1008FD4CE8A24970B4 /* EnNavigationRequests.swift */ = {isa = PBXFileReference; name = "EnNavigationRequests.swift"; path = "APIs/EnNavigationRequests.swift"; sourceTree = "<group>"; fileEncoding = 4; lastKnownFileType = sourcecode.swift; explicitFileType = undefined; includeInIndex = 0; fileRef = 96406A1008FD4CE8A24970B4; basename = EnNavigationRequests.swift; target = undefined; uuid = 3149D79F612249E79FFA3295; settings = {ATTRIBUTES = (Public, ); }; };
		7A4FE85E2669423FB81B683B /* ErnNavRoute.swift */ = {isa = PBXFileReference; name = "ErnNavRoute.swift"; path = "APIs/ErnNavRoute.swift"; sourceTree = "<group>"; fileEncoding = 4; lastKnownFileType = sourcecode.swift; explicitFileType = undefined; includeInIndex = 0; fileRef = 7A4FE85E2669423FB81B683B; basename = ErnNavRoute.swift; target = undefined; uuid = 331978BCE4B346E6BA839B0B; settings = {ATTRIBUTES = (Public, ); }; };
		E0C451B626ED4BEE9D2D0B9C /* NavigationBar.swift */ = {isa = PBXFileReference; name = "NavigationBar.swift"; path = "APIs/NavigationBar.swift"; sourceTree = "<group>"; fileEncoding = 4; lastKnownFileType = sourcecode.swift; explicitFileType = undefined; includeInIndex = 0; fileRef = E0C451B626ED4BEE9D2D0B9C; basename = NavigationBar.swift; target = undefined; uuid = FB7DD6F7F64A4AAE84D9C072; settings = {ATTRIBUTES = (Public, ); }; };
		8ABF44C9BE9D4F50A3FBD234 /* NavigationBarButton.swift */ = {isa = PBXFileReference; name = "NavigationBarButton.swift"; path = "APIs/NavigationBarButton.swift"; sourceTree = "<group>"; fileEncoding = 4; lastKnownFileType = sourcecode.swift; explicitFileType = undefined; includeInIndex = 0; fileRef = 8ABF44C9BE9D4F50A3FBD234; basename = NavigationBarButton.swift; target = undefined; uuid = DF8074F7D97B473585B48664; settings = {ATTRIBUTES = (Public, ); }; };
		8CEF2F7352EB4A41BB77E384 /* EnNavigationApiController.swift */ = {isa = PBXFileReference; name = "EnNavigationApiController.swift"; path = "APIImpls/EnNavigationApiController.swift"; sourceTree = "<group>"; fileEncoding = 4; lastKnownFileType = sourcecode.swift; explicitFileType = undefined; includeInIndex = 0; };
		282A40768F364773BA53A375 /* EnNavigationApiRequestHandlerDelegate.swift */ = {isa = PBXFileReference; name = "EnNavigationApiRequestHandlerDelegate.swift"; path = "APIImpls/EnNavigationApiRequestHandlerDelegate.swift"; sourceTree = "<group>"; fileEncoding = 4; lastKnownFileType = sourcecode.swift; explicitFileType = undefined; includeInIndex = 0; };
		3776F4AD0852460FB5BC2C8C /* EnNavigationApiRequestHandlerProvider.swift */ = {isa = PBXFileReference; name = "EnNavigationApiRequestHandlerProvider.swift"; path = "APIImpls/EnNavigationApiRequestHandlerProvider.swift"; sourceTree = "<group>"; fileEncoding = 4; lastKnownFileType = sourcecode.swift; explicitFileType = undefined; includeInIndex = 0; };
		7BC2B791BB0C474D9DA02D97 /* RequestHandlerConfig.swift */ = {isa = PBXFileReference; name = "RequestHandlerConfig.swift"; path = "APIImpls/RequestHandlerConfig.swift"; sourceTree = "<group>"; fileEncoding = 4; lastKnownFileType = sourcecode.swift; explicitFileType = undefined; includeInIndex = 0; };
		6D4C440BEDDB4F2DB24008C0 /* RequestHandlerProvider.swift */ = {isa = PBXFileReference; name = "RequestHandlerProvider.swift"; path = "APIImpls/RequestHandlerProvider.swift"; sourceTree = "<group>"; fileEncoding = 4; lastKnownFileType = sourcecode.swift; explicitFileType = undefined; includeInIndex = 0; };
		B7035504E0504458B8788A4A /* ENCoreDelegate.swift */ = {isa = PBXFileReference; name = "ENCoreDelegate.swift"; path = "APIImpls/ENCoreDelegate.swift"; sourceTree = "<group>"; fileEncoding = 4; lastKnownFileType = sourcecode.swift; explicitFileType = undefined; includeInIndex = 0; fileRef = B7035504E0504458B8788A4A; basename = ENCoreDelegate.swift; target = undefined; uuid = 6A2E6108FA444FC28FD004A7; settings = {ATTRIBUTES = (Public, ); }; };
		FCF976307AAA4B2DA0544C27 /* ENMiniAppDataProvider.swift */ = {isa = PBXFileReference; name = "ENMiniAppDataProvider.swift"; path = "APIImpls/ENMiniAppDataProvider.swift"; sourceTree = "<group>"; fileEncoding = 4; lastKnownFileType = sourcecode.swift; explicitFileType = undefined; includeInIndex = 0; fileRef = FCF976307AAA4B2DA0544C27; basename = ENMiniAppDataProvider.swift; target = undefined; uuid = 1947BA77AA7041B294A46BF6; settings = {ATTRIBUTES = (Public, ); }; };
		4CBF5F8F3B474D40A150CE21 /* ENBarButtonItem.swift */ = {isa = PBXFileReference; name = "ENBarButtonItem.swift"; path = "APIImpls/ENBarButtonItem.swift"; sourceTree = "<group>"; fileEncoding = 4; lastKnownFileType = sourcecode.swift; explicitFileType = undefined; includeInIndex = 0; };
		9D474505566E4F8FA54F2BE3 /* ENMiniAppNavDataProvider.swift */ = {isa = PBXFileReference; name = "ENMiniAppNavDataProvider.swift"; path = "APIImpls/ENMiniAppNavDataProvider.swift"; sourceTree = "<group>"; fileEncoding = 4; lastKnownFileType = sourcecode.swift; explicitFileType = undefined; includeInIndex = 0; };
		2DF59ADC0B6441ADB2F6B6F8 /* ENNavigationAPIImpl.swift */ = {isa = PBXFileReference; name = "ENNavigationAPIImpl.swift"; path = "APIImpls/ENNavigationAPIImpl.swift"; sourceTree = "<group>"; fileEncoding = 4; lastKnownFileType = sourcecode.swift; explicitFileType = undefined; includeInIndex = 0; };
		589D1535D2C8470098C49878 /* ENNavigationDelegate.swift */ = {isa = PBXFileReference; name = "ENNavigationDelegate.swift"; path = "APIImpls/ENNavigationDelegate.swift"; sourceTree = "<group>"; fileEncoding = 4; lastKnownFileType = sourcecode.swift; explicitFileType = undefined; includeInIndex = 0; };
		53CA34E5CE054BDAB01F1C9A /* ENNavigationProtocol.swift */ = {isa = PBXFileReference; name = "ENNavigationProtocol.swift"; path = "APIImpls/ENNavigationProtocol.swift"; sourceTree = "<group>"; fileEncoding = 4; lastKnownFileType = sourcecode.swift; explicitFileType = undefined; includeInIndex = 0; };
		B48AC10FA15A4718ACD3BC33 /* MiniAppNavViewController.swift */ = {isa = PBXFileReference; name = "MiniAppNavViewController.swift"; path = "APIImpls/MiniAppNavViewController.swift"; sourceTree = "<group>"; fileEncoding = 4; lastKnownFileType = sourcecode.swift; explicitFileType = undefined; includeInIndex = 0; };
		4E9BB6D767D646E3856F91A3 /* ElectrodeObject.swift */ = {isa = PBXFileReference; name = "ElectrodeObject.swift"; path = "ElectrodeReactNativeBridge/ElectrodeObject.swift"; sourceTree = "<group>"; fileEncoding = 4; lastKnownFileType = sourcecode.swift; explicitFileType = undefined; includeInIndex = 0; };
		99119A52138240A5BBD48221 /* Bridgeable.swift */ = {isa = PBXFileReference; name = "Bridgeable.swift"; path = "ElectrodeReactNativeBridge/Bridgeable.swift"; sourceTree = "<group>"; fileEncoding = 4; lastKnownFileType = sourcecode.swift; explicitFileType = undefined; includeInIndex = 0; };
		F27CE22788FF418D94F11F86 /* ElectrodeRequestHandlerProcessor.swift */ = {isa = PBXFileReference; name = "ElectrodeRequestHandlerProcessor.swift"; path = "ElectrodeReactNativeBridge/ElectrodeRequestHandlerProcessor.swift"; sourceTree = "<group>"; fileEncoding = 4; lastKnownFileType = sourcecode.swift; explicitFileType = undefined; includeInIndex = 0; };
		A7C293F49FE24C0A97D57714 /* ElectrodeRequestProcessor.swift */ = {isa = PBXFileReference; name = "ElectrodeRequestProcessor.swift"; path = "ElectrodeReactNativeBridge/ElectrodeRequestProcessor.swift"; sourceTree = "<group>"; fileEncoding = 4; lastKnownFileType = sourcecode.swift; explicitFileType = undefined; includeInIndex = 0; };
		B66C8BB7D8EA4D7693AE2DF6 /* ElectrodeUtilities.swift */ = {isa = PBXFileReference; name = "ElectrodeUtilities.swift"; path = "ElectrodeReactNativeBridge/ElectrodeUtilities.swift"; sourceTree = "<group>"; fileEncoding = 4; lastKnownFileType = sourcecode.swift; explicitFileType = undefined; includeInIndex = 0; };
		C69C0077C65942B1BE8DAD7A /* EventListenerProcessor.swift */ = {isa = PBXFileReference; name = "EventListenerProcessor.swift"; path = "ElectrodeReactNativeBridge/EventListenerProcessor.swift"; sourceTree = "<group>"; fileEncoding = 4; lastKnownFileType = sourcecode.swift; explicitFileType = undefined; includeInIndex = 0; };
		2E3652DA383A433B8FB44F36 /* EventProcessor.swift */ = {isa = PBXFileReference; name = "EventProcessor.swift"; path = "ElectrodeReactNativeBridge/EventProcessor.swift"; sourceTree = "<group>"; fileEncoding = 4; lastKnownFileType = sourcecode.swift; explicitFileType = undefined; includeInIndex = 0; };
		8D97A4B2149C476FAC266E3B /* Processor.swift */ = {isa = PBXFileReference; name = "Processor.swift"; path = "ElectrodeReactNativeBridge/Processor.swift"; sourceTree = "<group>"; fileEncoding = 4; lastKnownFileType = sourcecode.swift; explicitFileType = undefined; includeInIndex = 0; };
		035424FBD03C40AE9FA0D180 /* None.swift */ = {isa = PBXFileReference; name = "None.swift"; path = "ElectrodeReactNativeBridge/None.swift"; sourceTree = "<group>"; fileEncoding = 4; lastKnownFileType = sourcecode.swift; explicitFileType = undefined; includeInIndex = 0; };
		EC26BB257CF24EF7AC492683 /* ElectrodeBridgeEvent.m */ = {isa = PBXFileReference; name = "ElectrodeBridgeEvent.m"; path = "ElectrodeReactNativeBridge/ElectrodeBridgeEvent.m"; sourceTree = "<group>"; fileEncoding = 4; lastKnownFileType = sourcecode.c.objc; explicitFileType = undefined; includeInIndex = 0; };
		E65FA93E968849DDA02A2E94 /* ElectrodeBridgeFailureMessage.m */ = {isa = PBXFileReference; name = "ElectrodeBridgeFailureMessage.m"; path = "ElectrodeReactNativeBridge/ElectrodeBridgeFailureMessage.m"; sourceTree = "<group>"; fileEncoding = 4; lastKnownFileType = sourcecode.c.objc; explicitFileType = undefined; includeInIndex = 0; };
		441D336484424024BF86C900 /* ElectrodeBridgeHolder.m */ = {isa = PBXFileReference; name = "ElectrodeBridgeHolder.m"; path = "ElectrodeReactNativeBridge/ElectrodeBridgeHolder.m"; sourceTree = "<group>"; fileEncoding = 4; lastKnownFileType = sourcecode.c.objc; explicitFileType = undefined; includeInIndex = 0; };
		30270F2288924885B34FB08B /* ElectrodeBridgeMessage.m */ = {isa = PBXFileReference; name = "ElectrodeBridgeMessage.m"; path = "ElectrodeReactNativeBridge/ElectrodeBridgeMessage.m"; sourceTree = "<group>"; fileEncoding = 4; lastKnownFileType = sourcecode.c.objc; explicitFileType = undefined; includeInIndex = 0; };
		B53CABE5D2834AF982477FF6 /* ElectrodeBridgeProtocols.m */ = {isa = PBXFileReference; name = "ElectrodeBridgeProtocols.m"; path = "ElectrodeReactNativeBridge/ElectrodeBridgeProtocols.m"; sourceTree = "<group>"; fileEncoding = 4; lastKnownFileType = sourcecode.c.objc; explicitFileType = undefined; includeInIndex = 0; };
		ECF2C6A4AE674310945E3C5B /* ElectrodeBridgeRequest.m */ = {isa = PBXFileReference; name = "ElectrodeBridgeRequest.m"; path = "ElectrodeReactNativeBridge/ElectrodeBridgeRequest.m"; sourceTree = "<group>"; fileEncoding = 4; lastKnownFileType = sourcecode.c.objc; explicitFileType = undefined; includeInIndex = 0; };
		749194F2A8DC4F69BC0DD0D5 /* ElectrodeBridgeResponse.m */ = {isa = PBXFileReference; name = "ElectrodeBridgeResponse.m"; path = "ElectrodeReactNativeBridge/ElectrodeBridgeResponse.m"; sourceTree = "<group>"; fileEncoding = 4; lastKnownFileType = sourcecode.c.objc; explicitFileType = undefined; includeInIndex = 0; };
		6E79FFFA75104C0A99D839CB /* ElectrodeBridgeTransaction.m */ = {isa = PBXFileReference; name = "ElectrodeBridgeTransaction.m"; path = "ElectrodeReactNativeBridge/ElectrodeBridgeTransaction.m"; sourceTree = "<group>"; fileEncoding = 4; lastKnownFileType = sourcecode.c.objc; explicitFileType = undefined; includeInIndex = 0; };
		49964053C3B94A11A081D4BC /* ElectrodeBridgeTransceiver.m */ = {isa = PBXFileReference; name = "ElectrodeBridgeTransceiver.m"; path = "ElectrodeReactNativeBridge/ElectrodeBridgeTransceiver.m"; sourceTree = "<group>"; fileEncoding = 4; lastKnownFileType = sourcecode.c.objc; explicitFileType = undefined; includeInIndex = 0; };
		01E05D118D3A4A7EB756A76F /* ElectrodeEventDispatcher.m */ = {isa = PBXFileReference; name = "ElectrodeEventDispatcher.m"; path = "ElectrodeReactNativeBridge/ElectrodeEventDispatcher.m"; sourceTree = "<group>"; fileEncoding = 4; lastKnownFileType = sourcecode.c.objc; explicitFileType = undefined; includeInIndex = 0; };
		E4CF79BAD8C14E42ADF86A74 /* ElectrodeEventRegistrar.m */ = {isa = PBXFileReference; name = "ElectrodeEventRegistrar.m"; path = "ElectrodeReactNativeBridge/ElectrodeEventRegistrar.m"; sourceTree = "<group>"; fileEncoding = 4; lastKnownFileType = sourcecode.c.objc; explicitFileType = undefined; includeInIndex = 0; };
		D864F146E769466BBCD27662 /* ElectrodeRequestDispatcher.m */ = {isa = PBXFileReference; name = "ElectrodeRequestDispatcher.m"; path = "ElectrodeReactNativeBridge/ElectrodeRequestDispatcher.m"; sourceTree = "<group>"; fileEncoding = 4; lastKnownFileType = sourcecode.c.objc; explicitFileType = undefined; includeInIndex = 0; };
		842DEBD0B6654963A19E57AE /* ElectrodeRequestRegistrar.m */ = {isa = PBXFileReference; name = "ElectrodeRequestRegistrar.m"; path = "ElectrodeReactNativeBridge/ElectrodeRequestRegistrar.m"; sourceTree = "<group>"; fileEncoding = 4; lastKnownFileType = sourcecode.c.objc; explicitFileType = undefined; includeInIndex = 0; };
		60CDB65DF8204B25993BF279 /* ElectrodeLogger.m */ = {isa = PBXFileReference; name = "ElectrodeLogger.m"; path = "ElectrodeReactNativeBridge/ElectrodeLogger.m"; sourceTree = "<group>"; fileEncoding = 4; lastKnownFileType = sourcecode.c.objc; explicitFileType = undefined; includeInIndex = 0; };
		592681A97FEE43B88843CE5B /* ElectrodeBridgeEvent.h */ = {isa = PBXFileReference; name = "ElectrodeBridgeEvent.h"; path = "ElectrodeReactNativeBridge/ElectrodeBridgeEvent.h"; sourceTree = "<group>"; fileEncoding = 4; lastKnownFileType = sourcecode.c.h; explicitFileType = undefined; includeInIndex = 0; };
		5543C453EC7D4DFA8EBFBDEA /* ElectrodeBridgeFailureMessage.h */ = {isa = PBXFileReference; name = "ElectrodeBridgeFailureMessage.h"; path = "ElectrodeReactNativeBridge/ElectrodeBridgeFailureMessage.h"; sourceTree = "<group>"; fileEncoding = 4; lastKnownFileType = sourcecode.c.h; explicitFileType = undefined; includeInIndex = 0; };
		0A13F226133C4673BBFF6FA0 /* ElectrodeBridgeHolder.h */ = {isa = PBXFileReference; name = "ElectrodeBridgeHolder.h"; path = "ElectrodeReactNativeBridge/ElectrodeBridgeHolder.h"; sourceTree = "<group>"; fileEncoding = 4; lastKnownFileType = sourcecode.c.h; explicitFileType = undefined; includeInIndex = 0; };
		C561BDFA32EE442685821F59 /* ElectrodeBridgeMessage.h */ = {isa = PBXFileReference; name = "ElectrodeBridgeMessage.h"; path = "ElectrodeReactNativeBridge/ElectrodeBridgeMessage.h"; sourceTree = "<group>"; fileEncoding = 4; lastKnownFileType = sourcecode.c.h; explicitFileType = undefined; includeInIndex = 0; };
		01B9A48DF2A0425280AF123A /* ElectrodeBridgeProtocols.h */ = {isa = PBXFileReference; name = "ElectrodeBridgeProtocols.h"; path = "ElectrodeReactNativeBridge/ElectrodeBridgeProtocols.h"; sourceTree = "<group>"; fileEncoding = 4; lastKnownFileType = sourcecode.c.h; explicitFileType = undefined; includeInIndex = 0; };
		D86C6DE010E544A689F715A6 /* ElectrodeBridgeRequest.h */ = {isa = PBXFileReference; name = "ElectrodeBridgeRequest.h"; path = "ElectrodeReactNativeBridge/ElectrodeBridgeRequest.h"; sourceTree = "<group>"; fileEncoding = 4; lastKnownFileType = sourcecode.c.h; explicitFileType = undefined; includeInIndex = 0; };
		EDE4B776B65240DB9CE8502C /* ElectrodeBridgeTransaction.h */ = {isa = PBXFileReference; name = "ElectrodeBridgeTransaction.h"; path = "ElectrodeReactNativeBridge/ElectrodeBridgeTransaction.h"; sourceTree = "<group>"; fileEncoding = 4; lastKnownFileType = sourcecode.c.h; explicitFileType = undefined; includeInIndex = 0; };
		163DFC0443804B56B1EAF1E0 /* ElectrodeBridgeTransceiver.h */ = {isa = PBXFileReference; name = "ElectrodeBridgeTransceiver.h"; path = "ElectrodeReactNativeBridge/ElectrodeBridgeTransceiver.h"; sourceTree = "<group>"; fileEncoding = 4; lastKnownFileType = sourcecode.c.h; explicitFileType = undefined; includeInIndex = 0; };
		69F45211E04F4255A044AA09 /* ElectrodeBridgeTransceiver_Internal.h */ = {isa = PBXFileReference; name = "ElectrodeBridgeTransceiver_Internal.h"; path = "ElectrodeReactNativeBridge/ElectrodeBridgeTransceiver_Internal.h"; sourceTree = "<group>"; fileEncoding = 4; lastKnownFileType = sourcecode.c.h; explicitFileType = undefined; includeInIndex = 0; };
		35CDFFB8C951435CAD6C2395 /* ElectrodeEventDispatcher.h */ = {isa = PBXFileReference; name = "ElectrodeEventDispatcher.h"; path = "ElectrodeReactNativeBridge/ElectrodeEventDispatcher.h"; sourceTree = "<group>"; fileEncoding = 4; lastKnownFileType = sourcecode.c.h; explicitFileType = undefined; includeInIndex = 0; };
		95FFD77ED8754816AE6EC0AF /* ElectrodeEventRegistrar.h */ = {isa = PBXFileReference; name = "ElectrodeEventRegistrar.h"; path = "ElectrodeReactNativeBridge/ElectrodeEventRegistrar.h"; sourceTree = "<group>"; fileEncoding = 4; lastKnownFileType = sourcecode.c.h; explicitFileType = undefined; includeInIndex = 0; };
		0CA1B33511A642E58854CF15 /* ElectrodeRequestDispatcher.h */ = {isa = PBXFileReference; name = "ElectrodeRequestDispatcher.h"; path = "ElectrodeReactNativeBridge/ElectrodeRequestDispatcher.h"; sourceTree = "<group>"; fileEncoding = 4; lastKnownFileType = sourcecode.c.h; explicitFileType = undefined; includeInIndex = 0; };
		91C3B1D27D724434BF3A2391 /* ElectrodeRequestRegistrar.h */ = {isa = PBXFileReference; name = "ElectrodeRequestRegistrar.h"; path = "ElectrodeReactNativeBridge/ElectrodeRequestRegistrar.h"; sourceTree = "<group>"; fileEncoding = 4; lastKnownFileType = sourcecode.c.h; explicitFileType = undefined; includeInIndex = 0; };
		0629CC3E71774D8C8EEBD2AB /* ElectrodeReactNativeBridge.h */ = {isa = PBXFileReference; name = "ElectrodeReactNativeBridge.h"; path = "ElectrodeReactNativeBridge/ElectrodeReactNativeBridge.h"; sourceTree = "<group>"; fileEncoding = 4; lastKnownFileType = sourcecode.c.h; explicitFileType = undefined; includeInIndex = 0; };
		5246805AA87343A1860C4CD7 /* ElectrodeBridgeResponse.h */ = {isa = PBXFileReference; name = "ElectrodeBridgeResponse.h"; path = "ElectrodeReactNativeBridge/ElectrodeBridgeResponse.h"; sourceTree = "<group>"; fileEncoding = 4; lastKnownFileType = sourcecode.c.h; explicitFileType = undefined; includeInIndex = 0; };
		5034ABDD89DC425EA439F745 /* ElectrodeLogger.h */ = {isa = PBXFileReference; name = "ElectrodeLogger.h"; path = "ElectrodeReactNativeBridge/ElectrodeLogger.h"; sourceTree = "<group>"; fileEncoding = 4; lastKnownFileType = sourcecode.c.h; explicitFileType = undefined; includeInIndex = 0; };
/* End PBXFileReference section */

/* Begin PBXFrameworksBuildPhase section */
		485009DF1E2FF23B009B6610 /* Frameworks */ = {
			isa = PBXFrameworksBuildPhase;
			buildActionMask = 2147483647;
			files = (
				79DBA30121604A2AACA55791 /* libReact.a in Frameworks */,
				F5C4404515364CA9B9BA051A /* libRCTActionSheet.a in Frameworks */,
				2B8FFA3A61174D978B12D07C /* libRCTImage.a in Frameworks */,
				353829AC6890483AAA95DAD5 /* libRCTAnimation.a in Frameworks */,
				C9269549A2BD46E0AD16C546 /* libRCTText.a in Frameworks */,
				2DCFCAEF20714E04986FEF1D /* libRCTWebSocket.a in Frameworks */,
				D79705484BA14563919F842A /* libRCTGeolocation.a in Frameworks */,
				023E0E09ED8F4C8F8DBA7439 /* libRCTLinking.a in Frameworks */,
				60D86AB34267468992366630 /* libRCTNetwork.a in Frameworks */,
				C17A782C2E6A483FA02909C5 /* libRCTSettings.a in Frameworks */,
				ADF7BEE0508348F8A86DBA6C /* libRCTVibration.a in Frameworks */,
				0A13DF00B83546CE872D19EB /* libRCTCameraRoll.a in Frameworks */,
				59D24A82386944588A33B098 /* libART.a in Frameworks */,
				34A24DD934F64095AFF93CC2 /* JavaScriptCore.framework in Frameworks */,
			);
			runOnlyForDeploymentPostprocessing = 0;
		};
		485009E91E2FF23C009B6610 /* Frameworks */ = {
			isa = PBXFrameworksBuildPhase;
			buildActionMask = 2147483647;
			files = (
				485009ED1E2FF23C009B6610 /* ElectrodeContainer.framework in Frameworks */,
			);
			runOnlyForDeploymentPostprocessing = 0;
		};
/* End PBXFrameworksBuildPhase section */

/* Begin PBXGroup section */
		22CB67F120C9C44C0031A349 /* Config */ = {
			isa = PBXGroup;
			children = (
				22CB684120C9C46A0031A349 /* ElectrodeContainer-Debug.xcconfig */,
				22CB684020C9C46A0031A349 /* ElectrodeContainer-QADeployment.xcconfig */,
				22CB684220C9C46A0031A349 /* ElectrodeContainer-Release.xcconfig */,
				22CB684820C9C46B0031A349 /* ElectrodeContainerTests-Debug.xcconfig */,
				22CB684620C9C46A0031A349 /* ElectrodeContainerTests-QADeployment.xcconfig */,
				22CB684420C9C46A0031A349 /* ElectrodeContainerTests-Release.xcconfig */,
				22CB684720C9C46A0031A349 /* Project-Debug.xcconfig */,
				22CB683D20C9C46A0031A349 /* Project-QADeployment.xcconfig */,
				22CB683E20C9C46A0031A349 /* Project-Release.xcconfig */,
			);
			path = Config;
			sourceTree = "<group>";
		};
		226325CE1E80594F00CD0B10 /* ReactNative */ = {
			isa = PBXGroup;
			children = (
				B00CE2DB649D4D259FAFE9F8 /* React.xcodeproj */,
				F8767D3E524C450B93E2B8FB /* RCTActionSheet.xcodeproj */,
				85FDFFF379DD455EBF6329BD /* RCTImage.xcodeproj */,
				CCC3F78A4DFC4446B74995F3 /* RCTAnimation.xcodeproj */,
				5468AD4483D549E195596914 /* RCTText.xcodeproj */,
				1AD0524F8D5A4AC49070183C /* RCTWebSocket.xcodeproj */,
				FDF4843D1DC04AA48EA41ED1 /* RCTGeolocation.xcodeproj */,
				E84DB1FDEC13431483E99A14 /* RCTLinking.xcodeproj */,
				FAB0EE19918C49A4B880B44C /* RCTNetwork.xcodeproj */,
				24CC98403ABD4081806CEB5A /* RCTSettings.xcodeproj */,
				D5142D58266A4B8985252A9C /* RCTVibration.xcodeproj */,
				E9133CC7C88848A3990547D7 /* RCTCameraRoll.xcodeproj */,
				0C6B54C2EE64451190F4755E /* ART.xcodeproj */,
			);
			name = ReactNative;
			sourceTree = "<group>";
		};
		22C096A91EA0893F00E1486A /* APIs */ = {
			isa = PBXGroup;
			children = (
				BBEBC28575954A8980BE6D80 /* EnNavigationAPI.swift */,
				F6B851BA98CD4724ADF24F82 /* EnNavigationEvents.swift */,
				96406A1008FD4CE8A24970B4 /* EnNavigationRequests.swift */,
				7A4FE85E2669423FB81B683B /* ErnNavRoute.swift */,
				E0C451B626ED4BEE9D2D0B9C /* NavigationBar.swift */,
				8ABF44C9BE9D4F50A3FBD234 /* NavigationBarButton.swift */,
			);
			name = APIs;
			sourceTree = "<group>";
		};
		22FD4D1E1E96ECBB00FC81DB /* ElectrodeReactNativeBridge */ = {
			isa = PBXGroup;
			children = (
				4E9BB6D767D646E3856F91A3 /* ElectrodeObject.swift */,
				99119A52138240A5BBD48221 /* Bridgeable.swift */,
				F27CE22788FF418D94F11F86 /* ElectrodeRequestHandlerProcessor.swift */,
				A7C293F49FE24C0A97D57714 /* ElectrodeRequestProcessor.swift */,
				B66C8BB7D8EA4D7693AE2DF6 /* ElectrodeUtilities.swift */,
				C69C0077C65942B1BE8DAD7A /* EventListenerProcessor.swift */,
				2E3652DA383A433B8FB44F36 /* EventProcessor.swift */,
				8D97A4B2149C476FAC266E3B /* Processor.swift */,
				035424FBD03C40AE9FA0D180 /* None.swift */,
				EC26BB257CF24EF7AC492683 /* ElectrodeBridgeEvent.m */,
				E65FA93E968849DDA02A2E94 /* ElectrodeBridgeFailureMessage.m */,
				441D336484424024BF86C900 /* ElectrodeBridgeHolder.m */,
				30270F2288924885B34FB08B /* ElectrodeBridgeMessage.m */,
				B53CABE5D2834AF982477FF6 /* ElectrodeBridgeProtocols.m */,
				ECF2C6A4AE674310945E3C5B /* ElectrodeBridgeRequest.m */,
				749194F2A8DC4F69BC0DD0D5 /* ElectrodeBridgeResponse.m */,
				6E79FFFA75104C0A99D839CB /* ElectrodeBridgeTransaction.m */,
				49964053C3B94A11A081D4BC /* ElectrodeBridgeTransceiver.m */,
				01E05D118D3A4A7EB756A76F /* ElectrodeEventDispatcher.m */,
				E4CF79BAD8C14E42ADF86A74 /* ElectrodeEventRegistrar.m */,
				D864F146E769466BBCD27662 /* ElectrodeRequestDispatcher.m */,
				842DEBD0B6654963A19E57AE /* ElectrodeRequestRegistrar.m */,
				60CDB65DF8204B25993BF279 /* ElectrodeLogger.m */,
				592681A97FEE43B88843CE5B /* ElectrodeBridgeEvent.h */,
				5543C453EC7D4DFA8EBFBDEA /* ElectrodeBridgeFailureMessage.h */,
				0A13F226133C4673BBFF6FA0 /* ElectrodeBridgeHolder.h */,
				C561BDFA32EE442685821F59 /* ElectrodeBridgeMessage.h */,
				01B9A48DF2A0425280AF123A /* ElectrodeBridgeProtocols.h */,
				D86C6DE010E544A689F715A6 /* ElectrodeBridgeRequest.h */,
				EDE4B776B65240DB9CE8502C /* ElectrodeBridgeTransaction.h */,
				163DFC0443804B56B1EAF1E0 /* ElectrodeBridgeTransceiver.h */,
				69F45211E04F4255A044AA09 /* ElectrodeBridgeTransceiver_Internal.h */,
				35CDFFB8C951435CAD6C2395 /* ElectrodeEventDispatcher.h */,
				95FFD77ED8754816AE6EC0AF /* ElectrodeEventRegistrar.h */,
				0CA1B33511A642E58854CF15 /* ElectrodeRequestDispatcher.h */,
				91C3B1D27D724434BF3A2391 /* ElectrodeRequestRegistrar.h */,
				0629CC3E71774D8C8EEBD2AB /* ElectrodeReactNativeBridge.h */,
				5246805AA87343A1860C4CD7 /* ElectrodeBridgeResponse.h */,
				5034ABDD89DC425EA439F745 /* ElectrodeLogger.h */,
			);
			name = ElectrodeReactNativeBridge;
			sourceTree = "<group>";
		};
		301CBA4B1F342FB00048C58B /* Resources */ = {
			isa = PBXGroup;
			children = (
			);
			name = Resources;
			sourceTree = "<group>";
		};
		485009D91E2FF23B009B6610 = {
			isa = PBXGroup;
			children = (
				22CB67F120C9C44C0031A349 /* Config */,
				485009E51E2FF23B009B6610 /* ElectrodeContainer */,
				485009F01E2FF23C009B6610 /* ElectrodeContainerTests */,
				485009E41E2FF23B009B6610 /* Products */,
				485009FD1E2FF25D009B6610 /* Libraries */,
				48500AA71E2FFA14009B6610 /* Frameworks */,
			);
			sourceTree = "<group>";
		};
		485009E41E2FF23B009B6610 /* Products */ = {
			isa = PBXGroup;
			children = (
				485009E31E2FF23B009B6610 /* ElectrodeContainer.framework */,
				485009EC1E2FF23C009B6610 /* ElectrodeContainerTests.xctest */,
			);
			name = Products;
			sourceTree = "<group>";
		};
		485009E51E2FF23B009B6610 /* ElectrodeContainer */ = {
			isa = PBXGroup;
			children = (
				7F9A82FD1FB117530026F523 /* APIImpls */,
				301CBA4B1F342FB00048C58B /* Resources */,
				2265A4A11EB26943007D6C3D /* Info.plist */,
				22C096A91EA0893F00E1486A /* APIs */,
				22FD4D1E1E96ECBB00FC81DB /* ElectrodeReactNativeBridge */,
				968333D51E54E3470031C565 /* ElectrodeBridgeDelegate.h */,
				968333D61E54E3470031C565 /* ElectrodeBridgeDelegate.m */,
				485009E61E2FF23B009B6610 /* ElectrodeContainer.h */,
				48500A961E2FF55B009B6610 /* ElectrodeReactNative.h */,
				30F8CDED1E67946E00413247 /* ElectrodeReactNative_Internal.h */,
				48500A971E2FF55B009B6610 /* ElectrodeReactNative.m */,
				301CB9011F33F3450048C58B /* NSBundle+frameworkBundle.h */,
				301CB9001F33F3450048C58B /* NSBundle+frameworkBundle.m */,
				304000E72098E1F000BF751C /* ElectrodePluginConfig.h */,
			);
			path = ElectrodeContainer;
			name = ElectrodeContainer;
			sourceTree = "<group>";
		};
		485009F01E2FF23C009B6610 /* ElectrodeContainerTests */ = {
			isa = PBXGroup;
			children = (
				485009F31E2FF23C009B6610 /* Info.plist */,
			);
			path = ElectrodeContainerTests;
			sourceTree = "<group>";
		};
		485009FD1E2FF25D009B6610 /* Libraries */ = {
			isa = PBXGroup;
			children = (
				226325CE1E80594F00CD0B10 /* ReactNative */,
				9654B8921E5CCA1D00AFF607 /* MiniApp */,
			);
			name = Libraries;
			path = ElectrodeContainer/Libraries;
			sourceTree = "<group>";
		};
		48500AA71E2FFA14009B6610 /* Frameworks */ = {
			isa = PBXGroup;
			children = (
				A1DA38298B8A4FA69128AA27 /* JavaScriptCore.framework */,
			);
			name = Frameworks;
			path = ElectrodeContainer/Frameworks;
			sourceTree = "<group>";
		};
		7F9A82FD1FB117530026F523 /* APIImpls */ = {
			isa = PBXGroup;
			children = (
				8CEF2F7352EB4A41BB77E384 /* EnNavigationApiController.swift */,
				282A40768F364773BA53A375 /* EnNavigationApiRequestHandlerDelegate.swift */,
				3776F4AD0852460FB5BC2C8C /* EnNavigationApiRequestHandlerProvider.swift */,
				7BC2B791BB0C474D9DA02D97 /* RequestHandlerConfig.swift */,
				6D4C440BEDDB4F2DB24008C0 /* RequestHandlerProvider.swift */,
				B7035504E0504458B8788A4A /* ENCoreDelegate.swift */,
				FCF976307AAA4B2DA0544C27 /* ENMiniAppDataProvider.swift */,
				4CBF5F8F3B474D40A150CE21 /* ENBarButtonItem.swift */,
				9D474505566E4F8FA54F2BE3 /* ENMiniAppNavDataProvider.swift */,
				2DF59ADC0B6441ADB2F6B6F8 /* ENNavigationAPIImpl.swift */,
				589D1535D2C8470098C49878 /* ENNavigationDelegate.swift */,
				53CA34E5CE054BDAB01F1C9A /* ENNavigationProtocol.swift */,
				B48AC10FA15A4718ACD3BC33 /* MiniAppNavViewController.swift */,
			);
			name = APIImpls;
			sourceTree = "<group>";
		};
		9654B8921E5CCA1D00AFF607 /* MiniApp */ = {
			isa = PBXGroup;
			children = (
				22BF1FEA1E8DAAF800E7F500 /* assets */,
				223A89451E89CDC70092741E /* MiniApp.jsbundle */,
			);
			path = MiniApp;
			sourceTree = "<group>";
		};
		0C91FF31E9F74CA6B14F5BB2 /* Products */ = {
			isa = PBXGroup;
			children = (
				2E513386A45943B9869D6653 /* libReact.a */,
			);
			name = Products;
			path = undefined;
			sourceTree = "<group>";
		};
		40F8C7DFC4EC4979AAF1D066 /* Products */ = {
			isa = PBXGroup;
			children = (
				51395F11BB87403B8CBF7BFB /* libRCTActionSheet.a */,
			);
			name = Products;
			path = undefined;
			sourceTree = "<group>";
		};
		6501B53188154CFEBF3EE183 /* Products */ = {
			isa = PBXGroup;
			children = (
				7A1291B1EA7144A89341E574 /* libRCTImage.a */,
			);
			name = Products;
			path = undefined;
			sourceTree = "<group>";
		};
		20FD95C3DD084CD0BC0FF48A /* Products */ = {
			isa = PBXGroup;
			children = (
				D7220869E98041B4B3E1E63D /* libRCTAnimation.a */,
			);
			name = Products;
			path = undefined;
			sourceTree = "<group>";
		};
		DCA38A4AF00149CAB00B4A60 /* Products */ = {
			isa = PBXGroup;
			children = (
				E778B611C5AF4ACAA999B183 /* libRCTText.a */,
			);
			name = Products;
			path = undefined;
			sourceTree = "<group>";
		};
		AF7BC2C98A1046EC811C3ED3 /* Products */ = {
			isa = PBXGroup;
			children = (
				E601774D10F94566AA5F000E /* libRCTWebSocket.a */,
			);
			name = Products;
			path = undefined;
			sourceTree = "<group>";
		};
		5B1E7196D3E64E21BBDDF1BE /* Products */ = {
			isa = PBXGroup;
			children = (
				03B7E13170024ABD82501C8C /* libRCTGeolocation.a */,
			);
			name = Products;
			path = undefined;
			sourceTree = "<group>";
		};
		13726C123E654421B463A593 /* Products */ = {
			isa = PBXGroup;
			children = (
				88853098E6134D80984F1089 /* libRCTLinking.a */,
			);
			name = Products;
			path = undefined;
			sourceTree = "<group>";
		};
		CE936EBB38F545AC9585ADD7 /* Products */ = {
			isa = PBXGroup;
			children = (
				CD428FF18CCC4FB9929DE9B6 /* libRCTNetwork.a */,
			);
			name = Products;
			path = undefined;
			sourceTree = "<group>";
		};
		E1AEFC714F6A4C299A77500A /* Products */ = {
			isa = PBXGroup;
			children = (
				27048846441C4F7C9050A10F /* libRCTSettings.a */,
			);
			name = Products;
			path = undefined;
			sourceTree = "<group>";
		};
		E9B6D28761E14C15BFCEC376 /* Products */ = {
			isa = PBXGroup;
			children = (
				9C70F9957D1B4123B407AADB /* libRCTVibration.a */,
			);
			name = Products;
			path = undefined;
			sourceTree = "<group>";
		};
		85143A70EB6B4E8DB01FD2E8 /* Products */ = {
			isa = PBXGroup;
			children = (
				649437FB72424F1F8F891E18 /* libRCTCameraRoll.a */,
			);
			name = Products;
			path = undefined;
			sourceTree = "<group>";
		};
		6A450A1E0A1440B9B8441B51 /* Products */ = {
			isa = PBXGroup;
			children = (
				B9ED0090345F48A8827F64C9 /* libART.a */,
			);
			name = Products;
			path = undefined;
			sourceTree = "<group>";
		};
/* End PBXGroup section */

/* Begin PBXHeadersBuildPhase section */
		485009E01E2FF23B009B6610 /* Headers */ = {
			isa = PBXHeadersBuildPhase;
			buildActionMask = 2147483647;
			files = (
				485009F41E2FF23C009B6610 /* ElectrodeContainer.h in Headers */,
				968333D71E54E3470031C565 /* ElectrodeBridgeDelegate.h in Headers */,
				301CB9031F33F3450048C58B /* NSBundle+frameworkBundle.h in Headers */,
				304000E82098E1F000BF751C /* ElectrodePluginConfig.h in Headers */,
				30F8CDEE1E67946E00413247 /* ElectrodeReactNative_Internal.h in Headers */,
				48500A981E2FF55B009B6610 /* ElectrodeReactNative.h in Headers */,
				89AC9868A69D430FB36A3067 /* EnNavigationAPI.swift in Headers */,
				29DB2B75FCCD4632A4CB4DBC /* EnNavigationEvents.swift in Headers */,
				3149D79F612249E79FFA3295 /* EnNavigationRequests.swift in Headers */,
				331978BCE4B346E6BA839B0B /* ErnNavRoute.swift in Headers */,
				FB7DD6F7F64A4AAE84D9C072 /* NavigationBar.swift in Headers */,
				DF8074F7D97B473585B48664 /* NavigationBarButton.swift in Headers */,
				6A2E6108FA444FC28FD004A7 /* ENCoreDelegate.swift in Headers */,
				1947BA77AA7041B294A46BF6 /* ENMiniAppDataProvider.swift in Headers */,
				6F01D331CBAD45B690E960B8 /* ElectrodeBridgeEvent.h in Headers */,
				78070BF23A134707B7982FFA /* ElectrodeBridgeFailureMessage.h in Headers */,
				CDC9124756B44C1AAC9CB588 /* ElectrodeBridgeHolder.h in Headers */,
				4FAC35A8BD094E31B8233B49 /* ElectrodeBridgeMessage.h in Headers */,
				7B3BDEBF53B44068B9E34992 /* ElectrodeBridgeProtocols.h in Headers */,
				3CC4DD0E999447AF903CC546 /* ElectrodeBridgeRequest.h in Headers */,
				1B60BEA0C8F3459690FD130B /* ElectrodeBridgeTransaction.h in Headers */,
				9ACA3EA471C74EA4901AAA58 /* ElectrodeBridgeTransceiver.h in Headers */,
				5311F3D048224C0BA112C4EC /* ElectrodeBridgeTransceiver_Internal.h in Headers */,
				3D1E1644D7684D5280A1D718 /* ElectrodeEventDispatcher.h in Headers */,
				F28A8391CAE64CE1B78C6DC4 /* ElectrodeEventRegistrar.h in Headers */,
				2C81C4EFEA3549009B6CB34F /* ElectrodeRequestDispatcher.h in Headers */,
				FBF048833D61431DAB1B3C6E /* ElectrodeRequestRegistrar.h in Headers */,
				0E0A474F8A7944F68B5E218A /* ElectrodeReactNativeBridge.h in Headers */,
				8E172B8358E742E48C1AE1F3 /* ElectrodeBridgeResponse.h in Headers */,
				A5639C7D4CC742DB8A1A7994 /* ElectrodeLogger.h in Headers */,
			);
			runOnlyForDeploymentPostprocessing = 0;
		};
/* End PBXHeadersBuildPhase section */

/* Begin PBXNativeTarget section */
		485009E21E2FF23B009B6610 /* ElectrodeContainer */ = {
			isa = PBXNativeTarget;
			buildConfigurationList = 485009F71E2FF23C009B6610 /* Build configuration list for PBXNativeTarget "ElectrodeContainer" */;
			buildPhases = (
				485009DE1E2FF23B009B6610 /* Sources */,
				485009DF1E2FF23B009B6610 /* Frameworks */,
				485009E01E2FF23B009B6610 /* Headers */,
				485009E11E2FF23B009B6610 /* Resources */,
			);
			buildRules = (
			);
			dependencies = (
				B6CFA44E763A47C39DDC2082 /* PBXTargetDependency */,
				8E5510579B83494B9B5A37D6 /* PBXTargetDependency */,
				3EA1BDBC139E4794BF408204 /* PBXTargetDependency */,
				D79315CA415A4BB28B0126D4 /* PBXTargetDependency */,
				04234B241EDC4C018481512D /* PBXTargetDependency */,
				9327576C94894DC1BFF3E11E /* PBXTargetDependency */,
				C7536AADCE6C45D682BFDAC4 /* PBXTargetDependency */,
				5B00676A447B40538ABD80BE /* PBXTargetDependency */,
				B07264FC92634959822D37BF /* PBXTargetDependency */,
				6B899F0B7E2A463C952B588E /* PBXTargetDependency */,
				7DFC13EABAAE43E3816CE526 /* PBXTargetDependency */,
				AE357A651F9A4DAE88D92A87 /* PBXTargetDependency */,
				C0C1CC6EE4F74422BFCE87CB /* PBXTargetDependency */,
			);
			name = ElectrodeContainer;
			productName = ElectrodeContainer;
			productReference = 485009E31E2FF23B009B6610 /* ElectrodeContainer.framework */;
			productType = "com.apple.product-type.framework";
		};
		485009EB1E2FF23C009B6610 /* ElectrodeContainerTests */ = {
			isa = PBXNativeTarget;
			buildConfigurationList = 485009FA1E2FF23C009B6610 /* Build configuration list for PBXNativeTarget "ElectrodeContainerTests" */;
			buildPhases = (
				485009E81E2FF23C009B6610 /* Sources */,
				485009E91E2FF23C009B6610 /* Frameworks */,
				485009EA1E2FF23C009B6610 /* Resources */,
			);
			buildRules = (
			);
			dependencies = (
				485009EF1E2FF23C009B6610 /* PBXTargetDependency */,
			);
			name = ElectrodeContainerTests;
			productName = ElectrodeContainerTests;
			productReference = 485009EC1E2FF23C009B6610 /* ElectrodeContainerTests.xctest */;
			productType = "com.apple.product-type.bundle.unit-test";
		};
/* End PBXNativeTarget section */

/* Begin PBXProject section */
		485009DA1E2FF23B009B6610 /* Project object */ = {
			isa = PBXProject;
			attributes = {
				LastUpgradeCheck = 920;
				ORGANIZATIONNAME = Walmart;
				TargetAttributes = {
					485009E21E2FF23B009B6610 = {
						CreatedOnToolsVersion = 8.2.1;
						ProvisioningStyle = Automatic;
					};
					485009EB1E2FF23C009B6610 = {
						CreatedOnToolsVersion = 8.2.1;
						DevelopmentTeam = DXZ5VF8836;
						ProvisioningStyle = Automatic;
					};
				};
			};
			buildConfigurationList = 485009DD1E2FF23B009B6610 /* Build configuration list for PBXProject "ElectrodeContainer" */;
			compatibilityVersion = "Xcode 3.2";
			developmentRegion = English;
			hasScannedForEncodings = 0;
			knownRegions = (
				en,
			);
			mainGroup = 485009D91E2FF23B009B6610;
			productRefGroup = 485009E41E2FF23B009B6610 /* Products */;
			projectDirPath = "";
			projectRoot = "";
			targets = (
				485009E21E2FF23B009B6610 /* ElectrodeContainer */,
				485009EB1E2FF23C009B6610 /* ElectrodeContainerTests */,
			);
			projectReferences = (
				{
					ProjectRef = B00CE2DB649D4D259FAFE9F8 /* React.xcodeproj */;
					ProductGroup = 0C91FF31E9F74CA6B14F5BB2 /* Products */;
				},
				{
					ProjectRef = F8767D3E524C450B93E2B8FB /* RCTActionSheet.xcodeproj */;
					ProductGroup = 40F8C7DFC4EC4979AAF1D066 /* Products */;
				},
				{
					ProjectRef = 85FDFFF379DD455EBF6329BD /* RCTImage.xcodeproj */;
					ProductGroup = 6501B53188154CFEBF3EE183 /* Products */;
				},
				{
					ProjectRef = CCC3F78A4DFC4446B74995F3 /* RCTAnimation.xcodeproj */;
					ProductGroup = 20FD95C3DD084CD0BC0FF48A /* Products */;
				},
				{
					ProjectRef = 5468AD4483D549E195596914 /* RCTText.xcodeproj */;
					ProductGroup = DCA38A4AF00149CAB00B4A60 /* Products */;
				},
				{
					ProjectRef = 1AD0524F8D5A4AC49070183C /* RCTWebSocket.xcodeproj */;
					ProductGroup = AF7BC2C98A1046EC811C3ED3 /* Products */;
				},
				{
					ProjectRef = FDF4843D1DC04AA48EA41ED1 /* RCTGeolocation.xcodeproj */;
					ProductGroup = 5B1E7196D3E64E21BBDDF1BE /* Products */;
				},
				{
					ProjectRef = E84DB1FDEC13431483E99A14 /* RCTLinking.xcodeproj */;
					ProductGroup = 13726C123E654421B463A593 /* Products */;
				},
				{
					ProjectRef = FAB0EE19918C49A4B880B44C /* RCTNetwork.xcodeproj */;
					ProductGroup = CE936EBB38F545AC9585ADD7 /* Products */;
				},
				{
					ProjectRef = 24CC98403ABD4081806CEB5A /* RCTSettings.xcodeproj */;
					ProductGroup = E1AEFC714F6A4C299A77500A /* Products */;
				},
				{
					ProjectRef = D5142D58266A4B8985252A9C /* RCTVibration.xcodeproj */;
					ProductGroup = E9B6D28761E14C15BFCEC376 /* Products */;
				},
				{
					ProjectRef = E9133CC7C88848A3990547D7 /* RCTCameraRoll.xcodeproj */;
					ProductGroup = 85143A70EB6B4E8DB01FD2E8 /* Products */;
				},
				{
					ProjectRef = 0C6B54C2EE64451190F4755E /* ART.xcodeproj */;
					ProductGroup = 6A450A1E0A1440B9B8441B51 /* Products */;
				},
			);
		};
/* End PBXProject section */

/* Begin PBXReferenceProxy section */
		2E513386A45943B9869D6653 /* libReact.a */ = {
			isa = PBXReferenceProxy;
			fileType = archive.ar;
			path = libReact.a;
			remoteRef = 045576D2167F49DC908C8E2F /* PBXContainerItemProxy */;
			sourceTree = BUILT_PRODUCTS_DIR;
		};
		51395F11BB87403B8CBF7BFB /* libRCTActionSheet.a */ = {
			isa = PBXReferenceProxy;
			fileType = archive.ar;
			path = libRCTActionSheet.a;
			remoteRef = 7AD225F4193344EEAF8F2E82 /* PBXContainerItemProxy */;
			sourceTree = BUILT_PRODUCTS_DIR;
		};
		7A1291B1EA7144A89341E574 /* libRCTImage.a */ = {
			isa = PBXReferenceProxy;
			fileType = archive.ar;
			path = libRCTImage.a;
			remoteRef = 921F9E13E04648D6BC0E733A /* PBXContainerItemProxy */;
			sourceTree = BUILT_PRODUCTS_DIR;
		};
		D7220869E98041B4B3E1E63D /* libRCTAnimation.a */ = {
			isa = PBXReferenceProxy;
			fileType = archive.ar;
			path = libRCTAnimation.a;
			remoteRef = 44D3C2D1A9454DF8A1E2B8B0 /* PBXContainerItemProxy */;
			sourceTree = BUILT_PRODUCTS_DIR;
		};
		E778B611C5AF4ACAA999B183 /* libRCTText.a */ = {
			isa = PBXReferenceProxy;
			fileType = archive.ar;
			path = libRCTText.a;
			remoteRef = 1971F202A9C7416B87B270CB /* PBXContainerItemProxy */;
			sourceTree = BUILT_PRODUCTS_DIR;
		};
		E601774D10F94566AA5F000E /* libRCTWebSocket.a */ = {
			isa = PBXReferenceProxy;
			fileType = archive.ar;
			path = libRCTWebSocket.a;
			remoteRef = AEEB77EDE8354082BE9C83AA /* PBXContainerItemProxy */;
			sourceTree = BUILT_PRODUCTS_DIR;
		};
		03B7E13170024ABD82501C8C /* libRCTGeolocation.a */ = {
			isa = PBXReferenceProxy;
			fileType = archive.ar;
			path = libRCTGeolocation.a;
			remoteRef = 6AA20E8B0BC04D59865FA314 /* PBXContainerItemProxy */;
			sourceTree = BUILT_PRODUCTS_DIR;
		};
		88853098E6134D80984F1089 /* libRCTLinking.a */ = {
			isa = PBXReferenceProxy;
			fileType = archive.ar;
			path = libRCTLinking.a;
			remoteRef = 56875124577A4756854D0D24 /* PBXContainerItemProxy */;
			sourceTree = BUILT_PRODUCTS_DIR;
		};
		CD428FF18CCC4FB9929DE9B6 /* libRCTNetwork.a */ = {
			isa = PBXReferenceProxy;
			fileType = archive.ar;
			path = libRCTNetwork.a;
			remoteRef = EA96A979DC27496A84881FA3 /* PBXContainerItemProxy */;
			sourceTree = BUILT_PRODUCTS_DIR;
		};
		27048846441C4F7C9050A10F /* libRCTSettings.a */ = {
			isa = PBXReferenceProxy;
			fileType = archive.ar;
			path = libRCTSettings.a;
			remoteRef = 24E3DC05174F4919B58D49C4 /* PBXContainerItemProxy */;
			sourceTree = BUILT_PRODUCTS_DIR;
		};
		9C70F9957D1B4123B407AADB /* libRCTVibration.a */ = {
			isa = PBXReferenceProxy;
			fileType = archive.ar;
			path = libRCTVibration.a;
			remoteRef = 17B91A0C51E141F7A1C5ED5B /* PBXContainerItemProxy */;
			sourceTree = BUILT_PRODUCTS_DIR;
		};
		649437FB72424F1F8F891E18 /* libRCTCameraRoll.a */ = {
			isa = PBXReferenceProxy;
			fileType = archive.ar;
			path = libRCTCameraRoll.a;
			remoteRef = 042A32DE2EAD4E30AFB1192A /* PBXContainerItemProxy */;
			sourceTree = BUILT_PRODUCTS_DIR;
		};
		B9ED0090345F48A8827F64C9 /* libART.a */ = {
			isa = PBXReferenceProxy;
			fileType = archive.ar;
			path = libART.a;
			remoteRef = A381530498264C7B94C6CAC5 /* PBXContainerItemProxy */;
			sourceTree = BUILT_PRODUCTS_DIR;
		};
/* End PBXReferenceProxy section */

/* Begin PBXResourcesBuildPhase section */
		485009E11E2FF23B009B6610 /* Resources */ = {
			isa = PBXResourcesBuildPhase;
			buildActionMask = 2147483647;
			files = (
				22BF1FEB1E8DAAF800E7F500 /* assets in Resources */,
				223A89461E89CDC70092741E /* MiniApp.jsbundle in Resources */,
			);
			runOnlyForDeploymentPostprocessing = 0;
		};
		485009EA1E2FF23C009B6610 /* Resources */ = {
			isa = PBXResourcesBuildPhase;
			buildActionMask = 2147483647;
			files = (
			);
			runOnlyForDeploymentPostprocessing = 0;
		};
/* End PBXResourcesBuildPhase section */

/* Begin PBXSourcesBuildPhase section */
		485009DE1E2FF23B009B6610 /* Sources */ = {
			isa = PBXSourcesBuildPhase;
			buildActionMask = 2147483647;
			files = (
				48500A991E2FF55B009B6610 /* ElectrodeReactNative.m in Sources */,
				301CB9021F33F3450048C58B /* NSBundle+frameworkBundle.m in Sources */,
				968333D81E54E3470031C565 /* ElectrodeBridgeDelegate.m in Sources */,
				D4C5872B30C84306905AE5B8 /* EnNavigationAPI.swift in Sources */,
				C5CD1CE36E9345799228D2C3 /* EnNavigationEvents.swift in Sources */,
				03916F7ED1B742E380D2C211 /* EnNavigationRequests.swift in Sources */,
				4C7E71BFCB5F487CA6FEDA40 /* ErnNavRoute.swift in Sources */,
				25359D1DEAE642AC9DCF5FE9 /* NavigationBar.swift in Sources */,
				8FFA3EBBE62D4BB78FBF40E0 /* NavigationBarButton.swift in Sources */,
				19294E76BE6542E49A7D1350 /* EnNavigationApiController.swift in Sources */,
				509D0A43A65840BB8DA40B66 /* EnNavigationApiRequestHandlerDelegate.swift in Sources */,
				BA84231AAF544620AD1C3329 /* EnNavigationApiRequestHandlerProvider.swift in Sources */,
				F969B83C10194228B00F1FBF /* RequestHandlerConfig.swift in Sources */,
				5BD3AFCF6FBF48DEBAAB664F /* RequestHandlerProvider.swift in Sources */,
				C94796464DC346CFA2CA3A0B /* ENCoreDelegate.swift in Sources */,
				A54D55FCDC7F4B17A935C83A /* ENMiniAppDataProvider.swift in Sources */,
				57C2BA004D3143E283201DDC /* ENBarButtonItem.swift in Sources */,
				9AFCEA98098C45D39A967FED /* ENMiniAppNavDataProvider.swift in Sources */,
				32447319F87D41F3A89220D5 /* ENNavigationAPIImpl.swift in Sources */,
				CFD255D01C894044810D9E19 /* ENNavigationDelegate.swift in Sources */,
				C0B763A38B42433BA89C4C19 /* ENNavigationProtocol.swift in Sources */,
				4E40EC2AE3284AC9A9DF7D99 /* MiniAppNavViewController.swift in Sources */,
				D8AEB62806F84A0497B96311 /* ElectrodeObject.swift in Sources */,
				DF8C4255615E45F6910A1CC5 /* Bridgeable.swift in Sources */,
				6D43D8CAB1D74DA6BCB95AEF /* ElectrodeRequestHandlerProcessor.swift in Sources */,
				03135F9896D24C7B9F1BBEAF /* ElectrodeRequestProcessor.swift in Sources */,
				E2D77214BBF349B3AABB9BD1 /* ElectrodeUtilities.swift in Sources */,
				1C032371B22945F99BDA3A97 /* EventListenerProcessor.swift in Sources */,
				34A978B059B74FB9A4727C13 /* EventProcessor.swift in Sources */,
				E05737444352498FB8D19875 /* Processor.swift in Sources */,
				6CE127B9D2DE442F9E147194 /* None.swift in Sources */,
				4F32082A13DD4EFA987DBE11 /* ElectrodeBridgeEvent.m in Sources */,
				C03F7F8679D845B6A79679FC /* ElectrodeBridgeFailureMessage.m in Sources */,
				0789AB6DD9AF44D99B3DB8F8 /* ElectrodeBridgeHolder.m in Sources */,
				EA3011FDD5814F918B5E3462 /* ElectrodeBridgeMessage.m in Sources */,
				A974FB82DEFE465C943EC8B8 /* ElectrodeBridgeProtocols.m in Sources */,
				43CC638054D14C2D81E9AD5E /* ElectrodeBridgeRequest.m in Sources */,
				C2551E88EFFC413393A6BFF9 /* ElectrodeBridgeResponse.m in Sources */,
				1AABE52776FF4118B02DC512 /* ElectrodeBridgeTransaction.m in Sources */,
				D0F8D26013B649378B4BE768 /* ElectrodeBridgeTransceiver.m in Sources */,
				590AC08342E34A00A3A1A5B7 /* ElectrodeEventDispatcher.m in Sources */,
				217EBF35090244BFADB2E137 /* ElectrodeEventRegistrar.m in Sources */,
				33597C59485C427EB1EE99EC /* ElectrodeRequestDispatcher.m in Sources */,
				7FFF88282303411FBE32498F /* ElectrodeRequestRegistrar.m in Sources */,
				243D636A0A3B46CC8BA19EEA /* ElectrodeLogger.m in Sources */,
			);
			runOnlyForDeploymentPostprocessing = 0;
		};
		485009E81E2FF23C009B6610 /* Sources */ = {
			isa = PBXSourcesBuildPhase;
			buildActionMask = 2147483647;
			files = (
			);
			runOnlyForDeploymentPostprocessing = 0;
		};
/* End PBXSourcesBuildPhase section */

/* Begin PBXTargetDependency section */
		485009EF1E2FF23C009B6610 /* PBXTargetDependency */ = {
			isa = PBXTargetDependency;
			target = 485009E21E2FF23B009B6610 /* ElectrodeContainer */;
			targetProxy = 485009EE1E2FF23C009B6610 /* PBXContainerItemProxy */;
		};
		B6CFA44E763A47C39DDC2082 /* PBXTargetDependency */ = {
			isa = PBXTargetDependency;
			name = React;
			targetProxy = A8D41FAB7ED64C8A9A7880A2 /* PBXContainerItemProxy */;
		};
		8E5510579B83494B9B5A37D6 /* PBXTargetDependency */ = {
			isa = PBXTargetDependency;
			name = RCTActionSheet;
			targetProxy = 5946C5F977084D859AEB5AF8 /* PBXContainerItemProxy */;
		};
		3EA1BDBC139E4794BF408204 /* PBXTargetDependency */ = {
			isa = PBXTargetDependency;
			name = RCTImage;
			targetProxy = 0DA48E6C5C9942F090CCC0E5 /* PBXContainerItemProxy */;
		};
		D79315CA415A4BB28B0126D4 /* PBXTargetDependency */ = {
			isa = PBXTargetDependency;
			name = RCTAnimation;
			targetProxy = E3B4FB2ED628437BA9E8EE30 /* PBXContainerItemProxy */;
		};
		04234B241EDC4C018481512D /* PBXTargetDependency */ = {
			isa = PBXTargetDependency;
			name = RCTText;
			targetProxy = 6CA42CED9C5E4C96A62A4809 /* PBXContainerItemProxy */;
		};
		9327576C94894DC1BFF3E11E /* PBXTargetDependency */ = {
			isa = PBXTargetDependency;
			name = RCTWebSocket;
			targetProxy = AB2C0316D9484C15AC681640 /* PBXContainerItemProxy */;
		};
		C7536AADCE6C45D682BFDAC4 /* PBXTargetDependency */ = {
			isa = PBXTargetDependency;
			name = RCTGeolocation;
			targetProxy = 5561214653AE430AB6223B2E /* PBXContainerItemProxy */;
		};
		5B00676A447B40538ABD80BE /* PBXTargetDependency */ = {
			isa = PBXTargetDependency;
			name = RCTLinking;
			targetProxy = 9F54E956F7DE4BA186487EFC /* PBXContainerItemProxy */;
		};
		B07264FC92634959822D37BF /* PBXTargetDependency */ = {
			isa = PBXTargetDependency;
			name = RCTNetwork;
			targetProxy = 2944890354E44E7A96A5EBD2 /* PBXContainerItemProxy */;
		};
		6B899F0B7E2A463C952B588E /* PBXTargetDependency */ = {
			isa = PBXTargetDependency;
			name = RCTSettings;
			targetProxy = 4C2601F2FEDE43C899C232B7 /* PBXContainerItemProxy */;
		};
		7DFC13EABAAE43E3816CE526 /* PBXTargetDependency */ = {
			isa = PBXTargetDependency;
			name = RCTVibration;
			targetProxy = 7963E1CB44B14C18BFF4757C /* PBXContainerItemProxy */;
		};
		AE357A651F9A4DAE88D92A87 /* PBXTargetDependency */ = {
			isa = PBXTargetDependency;
			name = RCTCameraRoll;
			targetProxy = 99E8BE567A774366BB9413B9 /* PBXContainerItemProxy */;
		};
		C0C1CC6EE4F74422BFCE87CB /* PBXTargetDependency */ = {
			isa = PBXTargetDependency;
			name = ART;
			targetProxy = 142767E57DA54D089D4C5DA3 /* PBXContainerItemProxy */;
		};
/* End PBXTargetDependency section */

/* Begin XCBuildConfiguration section */
		303268E41EA8139700A41A8F /* QADeployment */ = {
			isa = XCBuildConfiguration;
			baseConfigurationReference = 22CB683D20C9C46A0031A349 /* Project-QADeployment.xcconfig */;
			buildSettings = {
			};
			name = QADeployment;
		};
		303268E51EA8139700A41A8F /* QADeployment */ = {
			isa = XCBuildConfiguration;
			baseConfigurationReference = 22CB684020C9C46A0031A349 /* ElectrodeContainer-QADeployment.xcconfig */;
			buildSettings = {
			};
			name = QADeployment;
		};
		303268E61EA8139700A41A8F /* QADeployment */ = {
			isa = XCBuildConfiguration;
			baseConfigurationReference = 22CB684620C9C46A0031A349 /* ElectrodeContainerTests-QADeployment.xcconfig */;
			buildSettings = {
			};
			name = QADeployment;
		};
		485009F51E2FF23C009B6610 /* Debug */ = {
			isa = XCBuildConfiguration;
			baseConfigurationReference = 22CB684720C9C46A0031A349 /* Project-Debug.xcconfig */;
			buildSettings = {
			};
			name = Debug;
		};
		485009F61E2FF23C009B6610 /* Release */ = {
			isa = XCBuildConfiguration;
			baseConfigurationReference = 22CB683E20C9C46A0031A349 /* Project-Release.xcconfig */;
			buildSettings = {
			};
			name = Release;
		};
		485009F81E2FF23C009B6610 /* Debug */ = {
			isa = XCBuildConfiguration;
			baseConfigurationReference = 22CB684120C9C46A0031A349 /* ElectrodeContainer-Debug.xcconfig */;
			buildSettings = {
			};
			name = Debug;
		};
		485009F91E2FF23C009B6610 /* Release */ = {
			isa = XCBuildConfiguration;
			baseConfigurationReference = 22CB684220C9C46A0031A349 /* ElectrodeContainer-Release.xcconfig */;
			buildSettings = {
			};
			name = Release;
		};
		485009FB1E2FF23C009B6610 /* Debug */ = {
			isa = XCBuildConfiguration;
			baseConfigurationReference = 22CB684820C9C46B0031A349 /* ElectrodeContainerTests-Debug.xcconfig */;
			buildSettings = {
			};
			name = Debug;
		};
		485009FC1E2FF23C009B6610 /* Release */ = {
			isa = XCBuildConfiguration;
			baseConfigurationReference = 22CB684420C9C46A0031A349 /* ElectrodeContainerTests-Release.xcconfig */;
			buildSettings = {
			};
			name = Release;
		};
/* End XCBuildConfiguration section */

/* Begin XCConfigurationList section */
		485009DD1E2FF23B009B6610 /* Build configuration list for PBXProject "ElectrodeContainer" */ = {
			isa = XCConfigurationList;
			buildConfigurations = (
				485009F51E2FF23C009B6610 /* Debug */,
				303268E41EA8139700A41A8F /* QADeployment */,
				485009F61E2FF23C009B6610 /* Release */,
			);
			defaultConfigurationIsVisible = 0;
			defaultConfigurationName = Release;
		};
		485009F71E2FF23C009B6610 /* Build configuration list for PBXNativeTarget "ElectrodeContainer" */ = {
			isa = XCConfigurationList;
			buildConfigurations = (
				485009F81E2FF23C009B6610 /* Debug */,
				303268E51EA8139700A41A8F /* QADeployment */,
				485009F91E2FF23C009B6610 /* Release */,
			);
			defaultConfigurationIsVisible = 0;
			defaultConfigurationName = Release;
		};
		485009FA1E2FF23C009B6610 /* Build configuration list for PBXNativeTarget "ElectrodeContainerTests" */ = {
			isa = XCConfigurationList;
			buildConfigurations = (
				485009FB1E2FF23C009B6610 /* Debug */,
				303268E61EA8139700A41A8F /* QADeployment */,
				485009FC1E2FF23C009B6610 /* Release */,
			);
			defaultConfigurationIsVisible = 0;
			defaultConfigurationName = Release;
		};
/* End XCConfigurationList section */
	};
	rootObject = 485009DA1E2FF23B009B6610 /* Project object */;
}
